// !$*UTF8*$!
{
	archiveVersion = 1;
	classes = {
	};
	objectVersion = 46;
	objects = {

/* Begin PBXBuildFile section */
		3A10ED3819AA075600A3E05B /* Foundation.framework in Frameworks */ = {isa = PBXBuildFile; fileRef = 3A10ED3719AA075600A3E05B /* Foundation.framework */; };
		3A10ED3A19AA075600A3E05B /* CoreGraphics.framework in Frameworks */ = {isa = PBXBuildFile; fileRef = 3A10ED3919AA075600A3E05B /* CoreGraphics.framework */; };
		3A10ED3C19AA075600A3E05B /* UIKit.framework in Frameworks */ = {isa = PBXBuildFile; fileRef = 3A10ED3B19AA075600A3E05B /* UIKit.framework */; };
		3A10ED4219AA075600A3E05B /* InfoPlist.strings in Resources */ = {isa = PBXBuildFile; fileRef = 3A10ED4019AA075600A3E05B /* InfoPlist.strings */; };
		3A10ED4419AA075600A3E05B /* main.m in Sources */ = {isa = PBXBuildFile; fileRef = 3A10ED4319AA075600A3E05B /* main.m */; };
		3A10ED4819AA075600A3E05B /* UMAppDelegate.m in Sources */ = {isa = PBXBuildFile; fileRef = 3A10ED4719AA075600A3E05B /* UMAppDelegate.m */; };
		3A10ED4A19AA075600A3E05B /* Images.xcassets in Resources */ = {isa = PBXBuildFile; fileRef = 3A10ED4919AA075600A3E05B /* Images.xcassets */; };
		3A10ED5119AA075600A3E05B /* XCTest.framework in Frameworks */ = {isa = PBXBuildFile; fileRef = 3A10ED5019AA075600A3E05B /* XCTest.framework */; };
		3A10ED5219AA075600A3E05B /* Foundation.framework in Frameworks */ = {isa = PBXBuildFile; fileRef = 3A10ED3719AA075600A3E05B /* Foundation.framework */; };
		3A10ED5319AA075600A3E05B /* UIKit.framework in Frameworks */ = {isa = PBXBuildFile; fileRef = 3A10ED3B19AA075600A3E05B /* UIKit.framework */; };
		3A10ED5B19AA075600A3E05B /* InfoPlist.strings in Resources */ = {isa = PBXBuildFile; fileRef = 3A10ED5919AA075600A3E05B /* InfoPlist.strings */; };
		3A10ED5D19AA075600A3E05B /* vlogmbTests.m in Sources */ = {isa = PBXBuildFile; fileRef = 3A10ED5C19AA075600A3E05B /* vlogmbTests.m */; };
/* End PBXBuildFile section */

/* Begin PBXContainerItemProxy section */
		3A10ED5419AA075600A3E05B /* PBXContainerItemProxy */ = {
			isa = PBXContainerItemProxy;
			containerPortal = 3A10ED2C19AA075600A3E05B /* Project object */;
			proxyType = 1;
			remoteGlobalIDString = 3A10ED3319AA075600A3E05B;
			remoteInfo = vlogmb;
		};
/* End PBXContainerItemProxy section */

/* Begin PBXFileReference section */
		3A10ED3419AA075600A3E05B /* vlogmb.app */ = {isa = PBXFileReference; explicitFileType = wrapper.application; includeInIndex = 0; path = vlogmb.app; sourceTree = BUILT_PRODUCTS_DIR; };
		3A10ED3719AA075600A3E05B /* Foundation.framework */ = {isa = PBXFileReference; lastKnownFileType = wrapper.framework; name = Foundation.framework; path = System/Library/Frameworks/Foundation.framework; sourceTree = SDKROOT; };
		3A10ED3919AA075600A3E05B /* CoreGraphics.framework */ = {isa = PBXFileReference; lastKnownFileType = wrapper.framework; name = CoreGraphics.framework; path = System/Library/Frameworks/CoreGraphics.framework; sourceTree = SDKROOT; };
		3A10ED3B19AA075600A3E05B /* UIKit.framework */ = {isa = PBXFileReference; lastKnownFileType = wrapper.framework; name = UIKit.framework; path = System/Library/Frameworks/UIKit.framework; sourceTree = SDKROOT; };
		3A10ED3F19AA075600A3E05B /* vlogmb-Info.plist */ = {isa = PBXFileReference; lastKnownFileType = text.plist.xml; path = "vlogmb-Info.plist"; sourceTree = "<group>"; };
		3A10ED4119AA075600A3E05B /* en */ = {isa = PBXFileReference; lastKnownFileType = text.plist.strings; name = en; path = en.lproj/InfoPlist.strings; sourceTree = "<group>"; };
		3A10ED4319AA075600A3E05B /* main.m */ = {isa = PBXFileReference; lastKnownFileType = sourcecode.c.objc; path = main.m; sourceTree = "<group>"; };
		3A10ED4519AA075600A3E05B /* vlogmb-Prefix.pch */ = {isa = PBXFileReference; lastKnownFileType = sourcecode.c.h; path = "vlogmb-Prefix.pch"; sourceTree = "<group>"; };
		3A10ED4619AA075600A3E05B /* UMAppDelegate.h */ = {isa = PBXFileReference; lastKnownFileType = sourcecode.c.h; path = UMAppDelegate.h; sourceTree = "<group>"; };
		3A10ED4719AA075600A3E05B /* UMAppDelegate.m */ = {isa = PBXFileReference; lastKnownFileType = sourcecode.c.objc; path = UMAppDelegate.m; sourceTree = "<group>"; };
		3A10ED4919AA075600A3E05B /* Images.xcassets */ = {isa = PBXFileReference; lastKnownFileType = folder.assetcatalog; path = Images.xcassets; sourceTree = "<group>"; };
		3A10ED4F19AA075600A3E05B /* vlogmbTests.xctest */ = {isa = PBXFileReference; explicitFileType = wrapper.cfbundle; includeInIndex = 0; path = vlogmbTests.xctest; sourceTree = BUILT_PRODUCTS_DIR; };
		3A10ED5019AA075600A3E05B /* XCTest.framework */ = {isa = PBXFileReference; lastKnownFileType = wrapper.framework; name = XCTest.framework; path = Library/Frameworks/XCTest.framework; sourceTree = DEVELOPER_DIR; };
		3A10ED5819AA075600A3E05B /* vlogmbTests-Info.plist */ = {isa = PBXFileReference; lastKnownFileType = text.plist.xml; path = "vlogmbTests-Info.plist"; sourceTree = "<group>"; };
		3A10ED5A19AA075600A3E05B /* en */ = {isa = PBXFileReference; lastKnownFileType = text.plist.strings; name = en; path = en.lproj/InfoPlist.strings; sourceTree = "<group>"; };
		3A10ED5C19AA075600A3E05B /* vlogmbTests.m */ = {isa = PBXFileReference; lastKnownFileType = sourcecode.c.objc; path = vlogmbTests.m; sourceTree = "<group>"; };
/* End PBXFileReference section */

/* Begin PBXFrameworksBuildPhase section */
		3A10ED3119AA075600A3E05B /* Frameworks */ = {
			isa = PBXFrameworksBuildPhase;
			buildActionMask = 2147483647;
			files = (
				3A10ED3A19AA075600A3E05B /* CoreGraphics.framework in Frameworks */,
				3A10ED3C19AA075600A3E05B /* UIKit.framework in Frameworks */,
				3A10ED3819AA075600A3E05B /* Foundation.framework in Frameworks */,
			);
			runOnlyForDeploymentPostprocessing = 0;
		};
		3A10ED4C19AA075600A3E05B /* Frameworks */ = {
			isa = PBXFrameworksBuildPhase;
			buildActionMask = 2147483647;
			files = (
				3A10ED5119AA075600A3E05B /* XCTest.framework in Frameworks */,
				3A10ED5319AA075600A3E05B /* UIKit.framework in Frameworks */,
				3A10ED5219AA075600A3E05B /* Foundation.framework in Frameworks */,
			);
			runOnlyForDeploymentPostprocessing = 0;
		};
/* End PBXFrameworksBuildPhase section */

/* Begin PBXGroup section */
		3A10ED2B19AA075600A3E05B = {
			isa = PBXGroup;
			children = (
				3A10ED3D19AA075600A3E05B /* vlogmb */,
				3A10ED5619AA075600A3E05B /* vlogmbTests */,
				3A10ED3619AA075600A3E05B /* Frameworks */,
				3A10ED3519AA075600A3E05B /* Products */,
			);
			sourceTree = "<group>";
		};
		3A10ED3519AA075600A3E05B /* Products */ = {
			isa = PBXGroup;
			children = (
				3A10ED3419AA075600A3E05B /* vlogmb.app */,
				3A10ED4F19AA075600A3E05B /* vlogmbTests.xctest */,
			);
			name = Products;
			sourceTree = "<group>";
		};
		3A10ED3619AA075600A3E05B /* Frameworks */ = {
			isa = PBXGroup;
			children = (
				3A10ED3719AA075600A3E05B /* Foundation.framework */,
				3A10ED3919AA075600A3E05B /* CoreGraphics.framework */,
				3A10ED3B19AA075600A3E05B /* UIKit.framework */,
				3A10ED5019AA075600A3E05B /* XCTest.framework */,
			);
			name = Frameworks;
			sourceTree = "<group>";
		};
		3A10ED3D19AA075600A3E05B /* vlogmb */ = {
			isa = PBXGroup;
			children = (
				3A10ED4619AA075600A3E05B /* UMAppDelegate.h */,
				3A10ED4719AA075600A3E05B /* UMAppDelegate.m */,
				3A10ED4919AA075600A3E05B /* Images.xcassets */,
				3A10ED3E19AA075600A3E05B /* Supporting Files */,
			);
			path = vlogmb;
			sourceTree = "<group>";
		};
		3A10ED3E19AA075600A3E05B /* Supporting Files */ = {
			isa = PBXGroup;
			children = (
				3A10ED3F19AA075600A3E05B /* vlogmb-Info.plist */,
				3A10ED4019AA075600A3E05B /* InfoPlist.strings */,
				3A10ED4319AA075600A3E05B /* main.m */,
				3A10ED4519AA075600A3E05B /* vlogmb-Prefix.pch */,
			);
			name = "Supporting Files";
			sourceTree = "<group>";
		};
		3A10ED5619AA075600A3E05B /* vlogmbTests */ = {
			isa = PBXGroup;
			children = (
				3A10ED5C19AA075600A3E05B /* vlogmbTests.m */,
				3A10ED5719AA075600A3E05B /* Supporting Files */,
			);
			path = vlogmbTests;
			sourceTree = "<group>";
		};
		3A10ED5719AA075600A3E05B /* Supporting Files */ = {
			isa = PBXGroup;
			children = (
				3A10ED5819AA075600A3E05B /* vlogmbTests-Info.plist */,
				3A10ED5919AA075600A3E05B /* InfoPlist.strings */,
			);
			name = "Supporting Files";
			sourceTree = "<group>";
		};
/* End PBXGroup section */

/* Begin PBXNativeTarget section */
		3A10ED3319AA075600A3E05B /* vlogmb */ = {
			isa = PBXNativeTarget;
			buildConfigurationList = 3A10ED6019AA075600A3E05B /* Build configuration list for PBXNativeTarget "vlogmb" */;
			buildPhases = (
				3A10ED3019AA075600A3E05B /* Sources */,
				3A10ED3119AA075600A3E05B /* Frameworks */,
				3A10ED3219AA075600A3E05B /* Resources */,
			);
			buildRules = (
			);
			dependencies = (
			);
			name = vlogmb;
			productName = vlogmb;
			productReference = 3A10ED3419AA075600A3E05B /* vlogmb.app */;
			productType = "com.apple.product-type.application";
		};
		3A10ED4E19AA075600A3E05B /* vlogmbTests */ = {
			isa = PBXNativeTarget;
			buildConfigurationList = 3A10ED6319AA075600A3E05B /* Build configuration list for PBXNativeTarget "vlogmbTests" */;
			buildPhases = (
				3A10ED4B19AA075600A3E05B /* Sources */,
				3A10ED4C19AA075600A3E05B /* Frameworks */,
				3A10ED4D19AA075600A3E05B /* Resources */,
			);
			buildRules = (
			);
			dependencies = (
				3A10ED5519AA075600A3E05B /* PBXTargetDependency */,
			);
			name = vlogmbTests;
			productName = vlogmbTests;
			productReference = 3A10ED4F19AA075600A3E05B /* vlogmbTests.xctest */;
			productType = "com.apple.product-type.bundle.unit-test";
		};
/* End PBXNativeTarget section */

/* Begin PBXProject section */
		3A10ED2C19AA075600A3E05B /* Project object */ = {
			isa = PBXProject;
			attributes = {
				CLASSPREFIX = UM;
				LastUpgradeCheck = 0510;
				ORGANIZATIONNAME = "you-meng.com";
				TargetAttributes = {
					3A10ED4E19AA075600A3E05B = {
						TestTargetID = 3A10ED3319AA075600A3E05B;
					};
				};
			};
			buildConfigurationList = 3A10ED2F19AA075600A3E05B /* Build configuration list for PBXProject "vlogmb" */;
			compatibilityVersion = "Xcode 3.2";
			developmentRegion = English;
			hasScannedForEncodings = 0;
			knownRegions = (
				en,
			);
			mainGroup = 3A10ED2B19AA075600A3E05B;
			productRefGroup = 3A10ED3519AA075600A3E05B /* Products */;
			projectDirPath = "";
			projectRoot = "";
			targets = (
				3A10ED3319AA075600A3E05B /* vlogmb */,
				3A10ED4E19AA075600A3E05B /* vlogmbTests */,
			);
		};
/* End PBXProject section */

/* Begin PBXResourcesBuildPhase section */
		3A10ED3219AA075600A3E05B /* Resources */ = {
			isa = PBXResourcesBuildPhase;
			buildActionMask = 2147483647;
			files = (
				3A10ED4219AA075600A3E05B /* InfoPlist.strings in Resources */,
				3A10ED4A19AA075600A3E05B /* Images.xcassets in Resources */,
			);
			runOnlyForDeploymentPostprocessing = 0;
		};
		3A10ED4D19AA075600A3E05B /* Resources */ = {
			isa = PBXResourcesBuildPhase;
			buildActionMask = 2147483647;
			files = (
				3A10ED5B19AA075600A3E05B /* InfoPlist.strings in Resources */,
			);
			runOnlyForDeploymentPostprocessing = 0;
		};
/* End PBXResourcesBuildPhase section */

/* Begin PBXSourcesBuildPhase section */
		3A10ED3019AA075600A3E05B /* Sources */ = {
			isa = PBXSourcesBuildPhase;
			buildActionMask = 2147483647;
			files = (
				3A10ED4819AA075600A3E05B /* UMAppDelegate.m in Sources */,
				3A10ED4419AA075600A3E05B /* main.m in Sources */,
			);
			runOnlyForDeploymentPostprocessing = 0;
		};
		3A10ED4B19AA075600A3E05B /* Sources */ = {
			isa = PBXSourcesBuildPhase;
			buildActionMask = 2147483647;
			files = (
				3A10ED5D19AA075600A3E05B /* vlogmbTests.m in Sources */,
			);
			runOnlyForDeploymentPostprocessing = 0;
		};
/* End PBXSourcesBuildPhase section */

/* Begin PBXTargetDependency section */
		3A10ED5519AA075600A3E05B /* PBXTargetDependency */ = {
			isa = PBXTargetDependency;
			target = 3A10ED3319AA075600A3E05B /* vlogmb */;
			targetProxy = 3A10ED5419AA075600A3E05B /* PBXContainerItemProxy */;
		};
/* End PBXTargetDependency section */

/* Begin PBXVariantGroup section */
		3A10ED4019AA075600A3E05B /* InfoPlist.strings */ = {
			isa = PBXVariantGroup;
			children = (
				3A10ED4119AA075600A3E05B /* en */,
			);
			name = InfoPlist.strings;
			sourceTree = "<group>";
		};
		3A10ED5919AA075600A3E05B /* InfoPlist.strings */ = {
			isa = PBXVariantGroup;
			children = (
				3A10ED5A19AA075600A3E05B /* en */,
			);
			name = InfoPlist.strings;
			sourceTree = "<group>";
		};
/* End PBXVariantGroup section */

/* Begin XCBuildConfiguration section */
		3A10ED5E19AA075600A3E05B /* Debug */ = {
			isa = XCBuildConfiguration;
			buildSettings = {
				ALWAYS_SEARCH_USER_PATHS = NO;
				CLANG_CXX_LANGUAGE_STANDARD = "gnu++0x";
				CLANG_CXX_LIBRARY = "libc++";
				CLANG_ENABLE_MODULES = YES;
				CLANG_ENABLE_OBJC_ARC = YES;
				CLANG_WARN_BOOL_CONVERSION = YES;
				CLANG_WARN_CONSTANT_CONVERSION = YES;
				CLANG_WARN_DIRECT_OBJC_ISA_USAGE = YES_ERROR;
				CLANG_WARN_EMPTY_BODY = YES;
				CLANG_WARN_ENUM_CONVERSION = YES;
				CLANG_WARN_INT_CONVERSION = YES;
				CLANG_WARN_OBJC_ROOT_CLASS = YES_ERROR;
				CLANG_WARN__DUPLICATE_METHOD_MATCH = YES;
				"CODE_SIGN_IDENTITY[sdk=iphoneos*]" = "iPhone Developer";
				COPY_PHASE_STRIP = NO;
				GCC_C_LANGUAGE_STANDARD = gnu99;
				GCC_DYNAMIC_NO_PIC = NO;
				GCC_OPTIMIZATION_LEVEL = 0;
				GCC_PREPROCESSOR_DEFINITIONS = (
					"DEBUG=1",
					"$(inherited)",
				);
				GCC_SYMBOLS_PRIVATE_EXTERN = NO;
				GCC_WARN_64_TO_32_BIT_CONVERSION = YES;
				GCC_WARN_ABOUT_RETURN_TYPE = YES_ERROR;
				GCC_WARN_UNDECLARED_SELECTOR = YES;
				GCC_WARN_UNINITIALIZED_AUTOS = YES_AGGRESSIVE;
				GCC_WARN_UNUSED_FUNCTION = YES;
				GCC_WARN_UNUSED_VARIABLE = YES;
				IPHONEOS_DEPLOYMENT_TARGET = 7.1;
				ONLY_ACTIVE_ARCH = YES;
				SDKROOT = iphoneos;
			};
			name = Debug;
		};
		3A10ED5F19AA075600A3E05B /* Release */ = {
			isa = XCBuildConfiguration;
			buildSettings = {
				ALWAYS_SEARCH_USER_PATHS = NO;
				CLANG_CXX_LANGUAGE_STANDARD = "gnu++0x";
				CLANG_CXX_LIBRARY = "libc++";
				CLANG_ENABLE_MODULES = YES;
				CLANG_ENABLE_OBJC_ARC = YES;
				CLANG_WARN_BOOL_CONVERSION = YES;
				CLANG_WARN_CONSTANT_CONVERSION = YES;
				CLANG_WARN_DIRECT_OBJC_ISA_USAGE = YES_ERROR;
				CLANG_WARN_EMPTY_BODY = YES;
				CLANG_WARN_ENUM_CONVERSION = YES;
				CLANG_WARN_INT_CONVERSION = YES;
				CLANG_WARN_OBJC_ROOT_CLASS = YES_ERROR;
				CLANG_WARN__DUPLICATE_METHOD_MATCH = YES;
				"CODE_SIGN_IDENTITY[sdk=iphoneos*]" = "iPhone Developer";
				COPY_PHASE_STRIP = YES;
				ENABLE_NS_ASSERTIONS = NO;
				GCC_C_LANGUAGE_STANDARD = gnu99;
				GCC_WARN_64_TO_32_BIT_CONVERSION = YES;
				GCC_WARN_ABOUT_RETURN_TYPE = YES_ERROR;
				GCC_WARN_UNDECLARED_SELECTOR = YES;
				GCC_WARN_UNINITIALIZED_AUTOS = YES_AGGRESSIVE;
				GCC_WARN_UNUSED_FUNCTION = YES;
				GCC_WARN_UNUSED_VARIABLE = YES;
				IPHONEOS_DEPLOYMENT_TARGET = 7.1;
				SDKROOT = iphoneos;
				VALIDATE_PRODUCT = YES;
			};
			name = Release;
		};
		3A10ED6119AA075600A3E05B /* Debug */ = {
			isa = XCBuildConfiguration;
			buildSettings = {
				ASSETCATALOG_COMPILER_APPICON_NAME = AppIcon;
				ASSETCATALOG_COMPILER_LAUNCHIMAGE_NAME = LaunchImage;
				GCC_PRECOMPILE_PREFIX_HEADER = YES;
				GCC_PREFIX_HEADER = "vlogmb/vlogmb-Prefix.pch";
				INFOPLIST_FILE = "vlogmb/vlogmb-Info.plist";
				PRODUCT_NAME = "$(TARGET_NAME)";
				WRAPPER_EXTENSION = app;
			};
			name = Debug;
		};
		3A10ED6219AA075600A3E05B /* Release */ = {
			isa = XCBuildConfiguration;
			buildSettings = {
				ASSETCATALOG_COMPILER_APPICON_NAME = AppIcon;
				ASSETCATALOG_COMPILER_LAUNCHIMAGE_NAME = LaunchImage;
				GCC_PRECOMPILE_PREFIX_HEADER = YES;
				GCC_PREFIX_HEADER = "vlogmb/vlogmb-Prefix.pch";
				INFOPLIST_FILE = "vlogmb/vlogmb-Info.plist";
				PRODUCT_NAME = "$(TARGET_NAME)";
				WRAPPER_EXTENSION = app;
			};
			name = Release;
		};
		3A10ED6419AA075600A3E05B /* Debug */ = {
			isa = XCBuildConfiguration;
			buildSettings = {
				BUNDLE_LOADER = "$(BUILT_PRODUCTS_DIR)/vlogmb.app/vlogmb";
				FRAMEWORK_SEARCH_PATHS = (
					"$(SDKROOT)/Developer/Library/Frameworks",
					"$(inherited)",
					"$(DEVELOPER_FRAMEWORKS_DIR)",
				);
				GCC_PRECOMPILE_PREFIX_HEADER = YES;
				GCC_PREFIX_HEADER = "vlogmb/vlogmb-Prefix.pch";
				GCC_PREPROCESSOR_DEFINITIONS = (
					"DEBUG=1",
					"$(inherited)",
				);
				INFOPLIST_FILE = "vlogmbTests/vlogmbTests-Info.plist";
				PRODUCT_NAME = "$(TARGET_NAME)";
				TEST_HOST = "$(BUNDLE_LOADER)";
				WRAPPER_EXTENSION = xctest;
			};
			name = Debug;
		};
		3A10ED6519AA075600A3E05B /* Release */ = {
			isa = XCBuildConfiguration;
			buildSettings = {
				BUNDLE_LOADER = "$(BUILT_PRODUCTS_DIR)/vlogmb.app/vlogmb";
				FRAMEWORK_SEARCH_PATHS = (
					"$(SDKROOT)/Developer/Library/Frameworks",
					"$(inherited)",
					"$(DEVELOPER_FRAMEWORKS_DIR)",
				);
				GCC_PRECOMPILE_PREFIX_HEADER = YES;
				GCC_PREFIX_HEADER = "vlogmb/vlogmb-Prefix.pch";
				INFOPLIST_FILE = "vlogmbTests/vlogmbTests-Info.plist";
				PRODUCT_NAME = "$(TARGET_NAME)";
				TEST_HOST = "$(BUNDLE_LOADER)";
				WRAPPER_EXTENSION = xctest;
			};
			name = Release;
		};
/* End XCBuildConfiguration section */

/* Begin XCConfigurationList section */
		3A10ED2F19AA075600A3E05B /* Build configuration list for PBXProject "vlogmb" */ = {
			isa = XCConfigurationList;
			buildConfigurations = (
				3A10ED5E19AA075600A3E05B /* Debug */,
				3A10ED5F19AA075600A3E05B /* Release */,
			);
			defaultConfigurationIsVisible = 0;
			defaultConfigurationName = Release;
		};
		3A10ED6019AA075600A3E05B /* Build configuration list for PBXNativeTarget "vlogmb" */ = {
			isa = XCConfigurationList;
			buildConfigurations = (
				3A10ED6119AA075600A3E05B /* Debug */,
				3A10ED6219AA075600A3E05B /* Release */,
			);
			defaultConfigurationIsVisible = 0;
		};
		3A10ED6319AA075600A3E05B /* Build configuration list for PBXNativeTarget "vlogmbTests" */ = {
			isa = XCConfigurationList;
			buildConfigurations = (
				3A10ED6419AA075600A3E05B /* Debug */,
				3A10ED6519AA075600A3E05B /* Release */,
			);
			defaultConfigurationIsVisible = 0;
		};
/* End XCConfigurationList section */
	};
	rootObject = 3A10ED2C19AA075600A3E05B /* Project object */;
}
