// !$*UTF8*$!
{
	archiveVersion = 1;
	classes = {
	};
	objectVersion = 46;
	objects = {

/* Begin PBXBuildFile section */
		3A10ED3819AA075600A3E05B /* Foundation.framework in Frameworks */ = {isa = PBXBuildFile; fileRef = 3A10ED3719AA075600A3E05B /* Foundation.framework */; };
		3A10ED3A19AA075600A3E05B /* CoreGraphics.framework in Frameworks */ = {isa = PBXBuildFile; fileRef = 3A10ED3919AA075600A3E05B /* CoreGraphics.framework */; };
		3A10ED3C19AA075600A3E05B /* UIKit.framework in Frameworks */ = {isa = PBXBuildFile; fileRef = 3A10ED3B19AA075600A3E05B /* UIKit.framework */; };
		3A10ED4219AA075600A3E05B /* InfoPlist.strings in Resources */ = {isa = PBXBuildFile; fileRef = 3A10ED4019AA075600A3E05B /* InfoPlist.strings */; };
		3A10ED4419AA075600A3E05B /* main.m in Sources */ = {isa = PBXBuildFile; fileRef = 3A10ED4319AA075600A3E05B /* main.m */; };
		3A10ED4819AA075600A3E05B /* UMAppDelegate.m in Sources */ = {isa = PBXBuildFile; fileRef = 3A10ED4719AA075600A3E05B /* UMAppDelegate.m */; };
		3A10ED4A19AA075600A3E05B /* Images.xcassets in Resources */ = {isa = PBXBuildFile; fileRef = 3A10ED4919AA075600A3E05B /* Images.xcassets */; };
		3A10ED5119AA075600A3E05B /* XCTest.framework in Frameworks */ = {isa = PBXBuildFile; fileRef = 3A10ED5019AA075600A3E05B /* XCTest.framework */; };
		3A10ED5219AA075600A3E05B /* Foundation.framework in Frameworks */ = {isa = PBXBuildFile; fileRef = 3A10ED3719AA075600A3E05B /* Foundation.framework */; };
		3A10ED5319AA075600A3E05B /* UIKit.framework in Frameworks */ = {isa = PBXBuildFile; fileRef = 3A10ED3B19AA075600A3E05B /* UIKit.framework */; };
		3A10ED5B19AA075600A3E05B /* InfoPlist.strings in Resources */ = {isa = PBXBuildFile; fileRef = 3A10ED5919AA075600A3E05B /* InfoPlist.strings */; };
		3A10ED5D19AA075600A3E05B /* vlogmbTests.m in Sources */ = {isa = PBXBuildFile; fileRef = 3A10ED5C19AA075600A3E05B /* vlogmbTests.m */; };
		3A10ED6719AA082800A3E05B /* Main.storyboard in Resources */ = {isa = PBXBuildFile; fileRef = 3A10ED6619AA082800A3E05B /* Main.storyboard */; };
		3A11007B19C5AF070081E93E /* SRMonthPicker.m in Sources */ = {isa = PBXBuildFile; fileRef = 3A11007A19C5AF070081E93E /* SRMonthPicker.m */; };
		3A11024419C7DA540081E93E /* ASFLabel.m in Sources */ = {isa = PBXBuildFile; fileRef = 3A11023B19C7DA540081E93E /* ASFLabel.m */; settings = {COMPILER_FLAGS = "-fno-objc-arc"; }; };
		3A11024519C7DA540081E93E /* ASFTableView.m in Sources */ = {isa = PBXBuildFile; fileRef = 3A11023D19C7DA540081E93E /* ASFTableView.m */; settings = {COMPILER_FLAGS = "-fno-objc-arc"; }; };
		3A11024619C7DA540081E93E /* ASFTableViewCell.m in Sources */ = {isa = PBXBuildFile; fileRef = 3A11023F19C7DA540081E93E /* ASFTableViewCell.m */; settings = {COMPILER_FLAGS = "-fno-objc-arc"; }; };
		3A11024719C7DA540081E93E /* ASFTableViewPrivateGlobals.m in Sources */ = {isa = PBXBuildFile; fileRef = 3A11024119C7DA540081E93E /* ASFTableViewPrivateGlobals.m */; settings = {COMPILER_FLAGS = "-fno-objc-arc"; }; };
		3A11024819C7DA540081E93E /* ASFTableViewPublicGlobals.m in Sources */ = {isa = PBXBuildFile; fileRef = 3A11024319C7DA540081E93E /* ASFTableViewPublicGlobals.m */; settings = {COMPILER_FLAGS = "-fno-objc-arc"; }; };
		3A2648BA19CAC19E00379FEE /* UMAuditAirorderViewController.m in Sources */ = {isa = PBXBuildFile; fileRef = 3A2648B919CAC19E00379FEE /* UMAuditAirorderViewController.m */; };
		3A2648BD19CAC20D00379FEE /* UMAuditDomesticAirordercostViewController.m in Sources */ = {isa = PBXBuildFile; fileRef = 3A2648BC19CAC20D00379FEE /* UMAuditDomesticAirordercostViewController.m */; };
		3A2648C019CAC22200379FEE /* UMAuditForeignAirordercostViewController.m in Sources */ = {isa = PBXBuildFile; fileRef = 3A2648BF19CAC22200379FEE /* UMAuditForeignAirordercostViewController.m */; };
		3A2648C319CAC24100379FEE /* UMAuditDomesticInvoiceViewController.m in Sources */ = {isa = PBXBuildFile; fileRef = 3A2648C219CAC24100379FEE /* UMAuditDomesticInvoiceViewController.m */; };
		3A2648C619CAC25400379FEE /* UMAuditWholeAirorderViewController.m in Sources */ = {isa = PBXBuildFile; fileRef = 3A2648C519CAC25400379FEE /* UMAuditWholeAirorderViewController.m */; };
		3A2648CE19CBAD5000379FEE /* btn_close_normal.png in Resources */ = {isa = PBXBuildFile; fileRef = 3A2648C819CBAD4F00379FEE /* btn_close_normal.png */; };
		3A2648CF19CBAD5000379FEE /* btn_close_normal@2x.png in Resources */ = {isa = PBXBuildFile; fileRef = 3A2648C919CBAD4F00379FEE /* btn_close_normal@2x.png */; };
		3A2648D019CBAD5000379FEE /* btn_close_selected.png in Resources */ = {isa = PBXBuildFile; fileRef = 3A2648CA19CBAD4F00379FEE /* btn_close_selected.png */; };
		3A2648D119CBAD5000379FEE /* btn_close_selected@2x.png in Resources */ = {isa = PBXBuildFile; fileRef = 3A2648CB19CBAD4F00379FEE /* btn_close_selected@2x.png */; };
		3A2648D219CBAD5000379FEE /* DXAlertView.m in Sources */ = {isa = PBXBuildFile; fileRef = 3A2648CD19CBAD5000379FEE /* DXAlertView.m */; };
		3A2648D519CBBA5E00379FEE /* UMDesignateThirdPartyViewController.m in Sources */ = {isa = PBXBuildFile; fileRef = 3A2648D419CBBA5E00379FEE /* UMDesignateThirdPartyViewController.m */; };
		3A2648DF19CC2BE900379FEE /* AFPickerView.m in Sources */ = {isa = PBXBuildFile; fileRef = 3A2648D819CC2BE900379FEE /* AFPickerView.m */; };
		3A2648E019CC2BE900379FEE /* PickerBG.png in Resources */ = {isa = PBXBuildFile; fileRef = 3A2648D919CC2BE900379FEE /* PickerBG.png */; };
		3A2648E119CC2BE900379FEE /* PickerBG@2x.png in Resources */ = {isa = PBXBuildFile; fileRef = 3A2648DA19CC2BE900379FEE /* PickerBG@2x.png */; };
		3A2648E219CC2BE900379FEE /* pickerGlass.png in Resources */ = {isa = PBXBuildFile; fileRef = 3A2648DB19CC2BE900379FEE /* pickerGlass.png */; };
		3A2648E319CC2BE900379FEE /* pickerGlass@2x.png in Resources */ = {isa = PBXBuildFile; fileRef = 3A2648DC19CC2BE900379FEE /* pickerGlass@2x.png */; };
		3A2648E419CC2BE900379FEE /* PickerShadow.png in Resources */ = {isa = PBXBuildFile; fileRef = 3A2648DD19CC2BE900379FEE /* PickerShadow.png */; };
		3A2648E519CC2BE900379FEE /* PickerShadow@2x.png in Resources */ = {isa = PBXBuildFile; fileRef = 3A2648DE19CC2BE900379FEE /* PickerShadow@2x.png */; };
		3A3336BD19C0002A000A5B90 /* CFNetwork.framework in Frameworks */ = {isa = PBXBuildFile; fileRef = 3A3336BC19C0002A000A5B90 /* CFNetwork.framework */; };
		3A3336BF19C00041000A5B90 /* MobileCoreServices.framework in Frameworks */ = {isa = PBXBuildFile; fileRef = 3A3336BE19C00041000A5B90 /* MobileCoreServices.framework */; };
		3A3336C119C0004C000A5B90 /* SystemConfiguration.framework in Frameworks */ = {isa = PBXBuildFile; fileRef = 3A3336C019C0004C000A5B90 /* SystemConfiguration.framework */; };
		3A3336C319C0005D000A5B90 /* libxml2.dylib in Frameworks */ = {isa = PBXBuildFile; fileRef = 3A3336C219C0005D000A5B90 /* libxml2.dylib */; };
		3A3336C519C00065000A5B90 /* libz.dylib in Frameworks */ = {isa = PBXBuildFile; fileRef = 3A3336C419C00065000A5B90 /* libz.dylib */; };
		3A3336C819C00117000A5B90 /* UMLoginViewController.m in Sources */ = {isa = PBXBuildFile; fileRef = 3A3336C719C00117000A5B90 /* UMLoginViewController.m */; };
		3A3336EF19C05521000A5B90 /* AFHTTPRequestOperation.m in Sources */ = {isa = PBXBuildFile; fileRef = 3A3336CB19C05521000A5B90 /* AFHTTPRequestOperation.m */; };
		3A3336F019C05521000A5B90 /* AFHTTPRequestOperationManager.m in Sources */ = {isa = PBXBuildFile; fileRef = 3A3336CD19C05521000A5B90 /* AFHTTPRequestOperationManager.m */; };
		3A3336F119C05521000A5B90 /* AFHTTPSessionManager.m in Sources */ = {isa = PBXBuildFile; fileRef = 3A3336CF19C05521000A5B90 /* AFHTTPSessionManager.m */; };
		3A3336F219C05521000A5B90 /* AFNetworkReachabilityManager.m in Sources */ = {isa = PBXBuildFile; fileRef = 3A3336D219C05521000A5B90 /* AFNetworkReachabilityManager.m */; };
		3A3336F319C05521000A5B90 /* AFSecurityPolicy.m in Sources */ = {isa = PBXBuildFile; fileRef = 3A3336D419C05521000A5B90 /* AFSecurityPolicy.m */; };
		3A3336F419C05521000A5B90 /* AFURLConnectionOperation.m in Sources */ = {isa = PBXBuildFile; fileRef = 3A3336D619C05521000A5B90 /* AFURLConnectionOperation.m */; };
		3A3336F519C05521000A5B90 /* AFURLRequestSerialization.m in Sources */ = {isa = PBXBuildFile; fileRef = 3A3336D819C05521000A5B90 /* AFURLRequestSerialization.m */; };
		3A3336F619C05521000A5B90 /* AFURLResponseSerialization.m in Sources */ = {isa = PBXBuildFile; fileRef = 3A3336DA19C05521000A5B90 /* AFURLResponseSerialization.m */; };
		3A3336F719C05521000A5B90 /* AFURLSessionManager.m in Sources */ = {isa = PBXBuildFile; fileRef = 3A3336DC19C05521000A5B90 /* AFURLSessionManager.m */; };
		3A3336F819C05521000A5B90 /* AFNetworkActivityIndicatorManager.m in Sources */ = {isa = PBXBuildFile; fileRef = 3A3336DF19C05521000A5B90 /* AFNetworkActivityIndicatorManager.m */; };
		3A3336F919C05521000A5B90 /* UIActivityIndicatorView+AFNetworking.m in Sources */ = {isa = PBXBuildFile; fileRef = 3A3336E119C05521000A5B90 /* UIActivityIndicatorView+AFNetworking.m */; };
		3A3336FA19C05521000A5B90 /* UIAlertView+AFNetworking.m in Sources */ = {isa = PBXBuildFile; fileRef = 3A3336E319C05521000A5B90 /* UIAlertView+AFNetworking.m */; };
		3A3336FB19C05521000A5B90 /* UIButton+AFNetworking.m in Sources */ = {isa = PBXBuildFile; fileRef = 3A3336E519C05521000A5B90 /* UIButton+AFNetworking.m */; };
		3A3336FC19C05521000A5B90 /* UIImageView+AFNetworking.m in Sources */ = {isa = PBXBuildFile; fileRef = 3A3336E719C05521000A5B90 /* UIImageView+AFNetworking.m */; };
		3A3336FD19C05521000A5B90 /* UIProgressView+AFNetworking.m in Sources */ = {isa = PBXBuildFile; fileRef = 3A3336EA19C05521000A5B90 /* UIProgressView+AFNetworking.m */; };
		3A3336FE19C05521000A5B90 /* UIRefreshControl+AFNetworking.m in Sources */ = {isa = PBXBuildFile; fileRef = 3A3336EC19C05521000A5B90 /* UIRefreshControl+AFNetworking.m */; };
		3A3336FF19C05521000A5B90 /* UIWebView+AFNetworking.m in Sources */ = {isa = PBXBuildFile; fileRef = 3A3336EE19C05521000A5B90 /* UIWebView+AFNetworking.m */; };
		3A54FEDA19B84B9C00D2648A /* UMTodayBizViewController.m in Sources */ = {isa = PBXBuildFile; fileRef = 3A54FED919B84B9C00D2648A /* UMTodayBizViewController.m */; };
		3A54FEDD19B84D7100D2648A /* UMDesignateDayBizViewController.m in Sources */ = {isa = PBXBuildFile; fileRef = 3A54FEDC19B84D7100D2648A /* UMDesignateDayBizViewController.m */; };
		3A54FEE319B84DC900D2648A /* UMDesignateMonthBizViewController.m in Sources */ = {isa = PBXBuildFile; fileRef = 3A54FEE219B84DC900D2648A /* UMDesignateMonthBizViewController.m */; };
		3A54FEE619B84DF900D2648A /* UMCurrentMonthBizViewController.m in Sources */ = {isa = PBXBuildFile; fileRef = 3A54FEE519B84DF900D2648A /* UMCurrentMonthBizViewController.m */; };
		3A54FEE919B84E0D00D2648A /* UMCurrentYearBizViewController.m in Sources */ = {isa = PBXBuildFile; fileRef = 3A54FEE819B84E0D00D2648A /* UMCurrentYearBizViewController.m */; };
		3A54FEEC19B84E4000D2648A /* UMOverdueUnhandleViewController.m in Sources */ = {isa = PBXBuildFile; fileRef = 3A54FEEB19B84E4000D2648A /* UMOverdueUnhandleViewController.m */; };
		3A54FEEF19B84E5200D2648A /* UMOverdueUnfinishViewController.m in Sources */ = {isa = PBXBuildFile; fileRef = 3A54FEEE19B84E5200D2648A /* UMOverdueUnfinishViewController.m */; };
		3A54FEF219B84E7600D2648A /* UMAllUnWriteoffReceiveViewController.m in Sources */ = {isa = PBXBuildFile; fileRef = 3A54FEF119B84E7600D2648A /* UMAllUnWriteoffReceiveViewController.m */; };
		3A54FEF519B84E9A00D2648A /* UMOverdue30UnWriteoffReceiveViewController.m in Sources */ = {isa = PBXBuildFile; fileRef = 3A54FEF419B84E9A00D2648A /* UMOverdue30UnWriteoffReceiveViewController.m */; };
		3A54FEF819B84EC400D2648A /* UMOverdue60UnWriteoffReceiveViewController.m in Sources */ = {isa = PBXBuildFile; fileRef = 3A54FEF719B84EC400D2648A /* UMOverdue60UnWriteoffReceiveViewController.m */; };
		3A54FEFB19B84EDD00D2648A /* UMAllUnWriteoffPayViewController.m in Sources */ = {isa = PBXBuildFile; fileRef = 3A54FEFA19B84EDD00D2648A /* UMAllUnWriteoffPayViewController.m */; };
		3A6B690019C51ECD00F2A249 /* PNLineChartView.m in Sources */ = {isa = PBXBuildFile; fileRef = 3A6B68FD19C51ECD00F2A249 /* PNLineChartView.m */; };
		3A6B690119C51ECD00F2A249 /* PNPlot.m in Sources */ = {isa = PBXBuildFile; fileRef = 3A6B68FF19C51ECD00F2A249 /* PNPlot.m */; };
		3AB6945B19C878E600B67915 /* UMModifyPasswordViewController.m in Sources */ = {isa = PBXBuildFile; fileRef = 3AB6945A19C878E600B67915 /* UMModifyPasswordViewController.m */; };
		3AB6946119C8826400B67915 /* UMSettingTableViewController.m in Sources */ = {isa = PBXBuildFile; fileRef = 3AB6946019C8826400B67915 /* UMSettingTableViewController.m */; };
		3AD75DFC19C9206B008138C0 /* UMTaskTableViewCell.m in Sources */ = {isa = PBXBuildFile; fileRef = 3AD75DFB19C9206B008138C0 /* UMTaskTableViewCell.m */; };
		3ADCDC1D19C9190D00E101B5 /* UMTaskTableViewController.m in Sources */ = {isa = PBXBuildFile; fileRef = 3ADCDC1C19C9190D00E101B5 /* UMTaskTableViewController.m */; };
/* End PBXBuildFile section */

/* Begin PBXContainerItemProxy section */
		3A10ED5419AA075600A3E05B /* PBXContainerItemProxy */ = {
			isa = PBXContainerItemProxy;
			containerPortal = 3A10ED2C19AA075600A3E05B /* Project object */;
			proxyType = 1;
			remoteGlobalIDString = 3A10ED3319AA075600A3E05B;
			remoteInfo = vlogmb;
		};
/* End PBXContainerItemProxy section */

/* Begin PBXFileReference section */
		3A10ED3419AA075600A3E05B /* vlogmb.app */ = {isa = PBXFileReference; explicitFileType = wrapper.application; includeInIndex = 0; path = vlogmb.app; sourceTree = BUILT_PRODUCTS_DIR; };
		3A10ED3719AA075600A3E05B /* Foundation.framework */ = {isa = PBXFileReference; lastKnownFileType = wrapper.framework; name = Foundation.framework; path = System/Library/Frameworks/Foundation.framework; sourceTree = SDKROOT; };
		3A10ED3919AA075600A3E05B /* CoreGraphics.framework */ = {isa = PBXFileReference; lastKnownFileType = wrapper.framework; name = CoreGraphics.framework; path = System/Library/Frameworks/CoreGraphics.framework; sourceTree = SDKROOT; };
		3A10ED3B19AA075600A3E05B /* UIKit.framework */ = {isa = PBXFileReference; lastKnownFileType = wrapper.framework; name = UIKit.framework; path = System/Library/Frameworks/UIKit.framework; sourceTree = SDKROOT; };
		3A10ED3F19AA075600A3E05B /* vlogmb-Info.plist */ = {isa = PBXFileReference; lastKnownFileType = text.plist.xml; path = "vlogmb-Info.plist"; sourceTree = "<group>"; };
		3A10ED4119AA075600A3E05B /* en */ = {isa = PBXFileReference; lastKnownFileType = text.plist.strings; name = en; path = en.lproj/InfoPlist.strings; sourceTree = "<group>"; };
		3A10ED4319AA075600A3E05B /* main.m */ = {isa = PBXFileReference; lastKnownFileType = sourcecode.c.objc; path = main.m; sourceTree = "<group>"; };
		3A10ED4519AA075600A3E05B /* vlogmb-Prefix.pch */ = {isa = PBXFileReference; lastKnownFileType = sourcecode.c.h; path = "vlogmb-Prefix.pch"; sourceTree = "<group>"; };
		3A10ED4619AA075600A3E05B /* UMAppDelegate.h */ = {isa = PBXFileReference; lastKnownFileType = sourcecode.c.h; path = UMAppDelegate.h; sourceTree = "<group>"; };
		3A10ED4719AA075600A3E05B /* UMAppDelegate.m */ = {isa = PBXFileReference; lastKnownFileType = sourcecode.c.objc; path = UMAppDelegate.m; sourceTree = "<group>"; };
		3A10ED4919AA075600A3E05B /* Images.xcassets */ = {isa = PBXFileReference; lastKnownFileType = folder.assetcatalog; path = Images.xcassets; sourceTree = "<group>"; };
		3A10ED4F19AA075600A3E05B /* vlogmbTests.xctest */ = {isa = PBXFileReference; explicitFileType = wrapper.cfbundle; includeInIndex = 0; path = vlogmbTests.xctest; sourceTree = BUILT_PRODUCTS_DIR; };
		3A10ED5019AA075600A3E05B /* XCTest.framework */ = {isa = PBXFileReference; lastKnownFileType = wrapper.framework; name = XCTest.framework; path = Library/Frameworks/XCTest.framework; sourceTree = DEVELOPER_DIR; };
		3A10ED5819AA075600A3E05B /* vlogmbTests-Info.plist */ = {isa = PBXFileReference; lastKnownFileType = text.plist.xml; path = "vlogmbTests-Info.plist"; sourceTree = "<group>"; };
		3A10ED5A19AA075600A3E05B /* en */ = {isa = PBXFileReference; lastKnownFileType = text.plist.strings; name = en; path = en.lproj/InfoPlist.strings; sourceTree = "<group>"; };
		3A10ED5C19AA075600A3E05B /* vlogmbTests.m */ = {isa = PBXFileReference; lastKnownFileType = sourcecode.c.objc; path = vlogmbTests.m; sourceTree = "<group>"; };
		3A10ED6619AA082800A3E05B /* Main.storyboard */ = {isa = PBXFileReference; fileEncoding = 4; lastKnownFileType = file.storyboard; path = Main.storyboard; sourceTree = "<group>"; };
		3A11007919C5AF070081E93E /* SRMonthPicker.h */ = {isa = PBXFileReference; fileEncoding = 4; lastKnownFileType = sourcecode.c.h; name = SRMonthPicker.h; path = ../vlogmb/SRMonthPicker.h; sourceTree = "<group>"; };
		3A11007A19C5AF070081E93E /* SRMonthPicker.m */ = {isa = PBXFileReference; fileEncoding = 4; lastKnownFileType = sourcecode.c.objc; name = SRMonthPicker.m; path = ../vlogmb/SRMonthPicker.m; sourceTree = "<group>"; };
		3A11023A19C7DA540081E93E /* ASFLabel.h */ = {isa = PBXFileReference; fileEncoding = 4; lastKnownFileType = sourcecode.c.h; path = ASFLabel.h; sourceTree = "<group>"; };
		3A11023B19C7DA540081E93E /* ASFLabel.m */ = {isa = PBXFileReference; fileEncoding = 4; lastKnownFileType = sourcecode.c.objc; path = ASFLabel.m; sourceTree = "<group>"; };
		3A11023C19C7DA540081E93E /* ASFTableView.h */ = {isa = PBXFileReference; fileEncoding = 4; lastKnownFileType = sourcecode.c.h; path = ASFTableView.h; sourceTree = "<group>"; };
		3A11023D19C7DA540081E93E /* ASFTableView.m */ = {isa = PBXFileReference; fileEncoding = 4; lastKnownFileType = sourcecode.c.objc; path = ASFTableView.m; sourceTree = "<group>"; };
		3A11023E19C7DA540081E93E /* ASFTableViewCell.h */ = {isa = PBXFileReference; fileEncoding = 4; lastKnownFileType = sourcecode.c.h; path = ASFTableViewCell.h; sourceTree = "<group>"; };
		3A11023F19C7DA540081E93E /* ASFTableViewCell.m */ = {isa = PBXFileReference; fileEncoding = 4; lastKnownFileType = sourcecode.c.objc; path = ASFTableViewCell.m; sourceTree = "<group>"; };
		3A11024019C7DA540081E93E /* ASFTableViewPrivateGlobals.h */ = {isa = PBXFileReference; fileEncoding = 4; lastKnownFileType = sourcecode.c.h; path = ASFTableViewPrivateGlobals.h; sourceTree = "<group>"; };
		3A11024119C7DA540081E93E /* ASFTableViewPrivateGlobals.m */ = {isa = PBXFileReference; fileEncoding = 4; lastKnownFileType = sourcecode.c.objc; path = ASFTableViewPrivateGlobals.m; sourceTree = "<group>"; };
		3A11024219C7DA540081E93E /* ASFTableViewPublicGlobals.h */ = {isa = PBXFileReference; fileEncoding = 4; lastKnownFileType = sourcecode.c.h; path = ASFTableViewPublicGlobals.h; sourceTree = "<group>"; };
		3A11024319C7DA540081E93E /* ASFTableViewPublicGlobals.m */ = {isa = PBXFileReference; fileEncoding = 4; lastKnownFileType = sourcecode.c.objc; path = ASFTableViewPublicGlobals.m; sourceTree = "<group>"; };
		3A2648B819CAC19E00379FEE /* UMAuditAirorderViewController.h */ = {isa = PBXFileReference; fileEncoding = 4; lastKnownFileType = sourcecode.c.h; path = UMAuditAirorderViewController.h; sourceTree = "<group>"; };
		3A2648B919CAC19E00379FEE /* UMAuditAirorderViewController.m */ = {isa = PBXFileReference; fileEncoding = 4; lastKnownFileType = sourcecode.c.objc; path = UMAuditAirorderViewController.m; sourceTree = "<group>"; };
		3A2648BB19CAC20D00379FEE /* UMAuditDomesticAirordercostViewController.h */ = {isa = PBXFileReference; fileEncoding = 4; lastKnownFileType = sourcecode.c.h; path = UMAuditDomesticAirordercostViewController.h; sourceTree = "<group>"; };
		3A2648BC19CAC20D00379FEE /* UMAuditDomesticAirordercostViewController.m */ = {isa = PBXFileReference; fileEncoding = 4; lastKnownFileType = sourcecode.c.objc; path = UMAuditDomesticAirordercostViewController.m; sourceTree = "<group>"; };
		3A2648BE19CAC22200379FEE /* UMAuditForeignAirordercostViewController.h */ = {isa = PBXFileReference; fileEncoding = 4; lastKnownFileType = sourcecode.c.h; path = UMAuditForeignAirordercostViewController.h; sourceTree = "<group>"; };
		3A2648BF19CAC22200379FEE /* UMAuditForeignAirordercostViewController.m */ = {isa = PBXFileReference; fileEncoding = 4; lastKnownFileType = sourcecode.c.objc; path = UMAuditForeignAirordercostViewController.m; sourceTree = "<group>"; };
		3A2648C119CAC24100379FEE /* UMAuditDomesticInvoiceViewController.h */ = {isa = PBXFileReference; fileEncoding = 4; lastKnownFileType = sourcecode.c.h; path = UMAuditDomesticInvoiceViewController.h; sourceTree = "<group>"; };
		3A2648C219CAC24100379FEE /* UMAuditDomesticInvoiceViewController.m */ = {isa = PBXFileReference; fileEncoding = 4; lastKnownFileType = sourcecode.c.objc; path = UMAuditDomesticInvoiceViewController.m; sourceTree = "<group>"; };
		3A2648C419CAC25400379FEE /* UMAuditWholeAirorderViewController.h */ = {isa = PBXFileReference; fileEncoding = 4; lastKnownFileType = sourcecode.c.h; path = UMAuditWholeAirorderViewController.h; sourceTree = "<group>"; };
		3A2648C519CAC25400379FEE /* UMAuditWholeAirorderViewController.m */ = {isa = PBXFileReference; fileEncoding = 4; lastKnownFileType = sourcecode.c.objc; path = UMAuditWholeAirorderViewController.m; sourceTree = "<group>"; };
		3A2648C819CBAD4F00379FEE /* btn_close_normal.png */ = {isa = PBXFileReference; lastKnownFileType = image.png; path = btn_close_normal.png; sourceTree = "<group>"; };
		3A2648C919CBAD4F00379FEE /* btn_close_normal@2x.png */ = {isa = PBXFileReference; lastKnownFileType = image.png; path = "btn_close_normal@2x.png"; sourceTree = "<group>"; };
		3A2648CA19CBAD4F00379FEE /* btn_close_selected.png */ = {isa = PBXFileReference; lastKnownFileType = image.png; path = btn_close_selected.png; sourceTree = "<group>"; };
		3A2648CB19CBAD4F00379FEE /* btn_close_selected@2x.png */ = {isa = PBXFileReference; lastKnownFileType = image.png; path = "btn_close_selected@2x.png"; sourceTree = "<group>"; };
		3A2648CC19CBAD4F00379FEE /* DXAlertView.h */ = {isa = PBXFileReference; fileEncoding = 4; lastKnownFileType = sourcecode.c.h; path = DXAlertView.h; sourceTree = "<group>"; };
		3A2648CD19CBAD5000379FEE /* DXAlertView.m */ = {isa = PBXFileReference; fileEncoding = 4; lastKnownFileType = sourcecode.c.objc; path = DXAlertView.m; sourceTree = "<group>"; };
		3A2648D319CBBA5E00379FEE /* UMDesignateThirdPartyViewController.h */ = {isa = PBXFileReference; fileEncoding = 4; lastKnownFileType = sourcecode.c.h; path = UMDesignateThirdPartyViewController.h; sourceTree = "<group>"; };
		3A2648D419CBBA5E00379FEE /* UMDesignateThirdPartyViewController.m */ = {isa = PBXFileReference; fileEncoding = 4; lastKnownFileType = sourcecode.c.objc; path = UMDesignateThirdPartyViewController.m; sourceTree = "<group>"; };
		3A2648D719CC2BE900379FEE /* AFPickerView.h */ = {isa = PBXFileReference; fileEncoding = 4; lastKnownFileType = sourcecode.c.h; path = AFPickerView.h; sourceTree = "<group>"; };
		3A2648D819CC2BE900379FEE /* AFPickerView.m */ = {isa = PBXFileReference; fileEncoding = 4; lastKnownFileType = sourcecode.c.objc; path = AFPickerView.m; sourceTree = "<group>"; };
		3A2648D919CC2BE900379FEE /* PickerBG.png */ = {isa = PBXFileReference; lastKnownFileType = image.png; path = PickerBG.png; sourceTree = "<group>"; };
		3A2648DA19CC2BE900379FEE /* PickerBG@2x.png */ = {isa = PBXFileReference; lastKnownFileType = image.png; path = "PickerBG@2x.png"; sourceTree = "<group>"; };
		3A2648DB19CC2BE900379FEE /* pickerGlass.png */ = {isa = PBXFileReference; lastKnownFileType = image.png; path = pickerGlass.png; sourceTree = "<group>"; };
		3A2648DC19CC2BE900379FEE /* pickerGlass@2x.png */ = {isa = PBXFileReference; lastKnownFileType = image.png; path = "pickerGlass@2x.png"; sourceTree = "<group>"; };
		3A2648DD19CC2BE900379FEE /* PickerShadow.png */ = {isa = PBXFileReference; lastKnownFileType = image.png; path = PickerShadow.png; sourceTree = "<group>"; };
		3A2648DE19CC2BE900379FEE /* PickerShadow@2x.png */ = {isa = PBXFileReference; lastKnownFileType = image.png; path = "PickerShadow@2x.png"; sourceTree = "<group>"; };
		3A3336BC19C0002A000A5B90 /* CFNetwork.framework */ = {isa = PBXFileReference; lastKnownFileType = wrapper.framework; name = CFNetwork.framework; path = System/Library/Frameworks/CFNetwork.framework; sourceTree = SDKROOT; };
		3A3336BE19C00041000A5B90 /* MobileCoreServices.framework */ = {isa = PBXFileReference; lastKnownFileType = wrapper.framework; name = MobileCoreServices.framework; path = System/Library/Frameworks/MobileCoreServices.framework; sourceTree = SDKROOT; };
		3A3336C019C0004C000A5B90 /* SystemConfiguration.framework */ = {isa = PBXFileReference; lastKnownFileType = wrapper.framework; name = SystemConfiguration.framework; path = System/Library/Frameworks/SystemConfiguration.framework; sourceTree = SDKROOT; };
		3A3336C219C0005D000A5B90 /* libxml2.dylib */ = {isa = PBXFileReference; lastKnownFileType = "compiled.mach-o.dylib"; name = libxml2.dylib; path = usr/lib/libxml2.dylib; sourceTree = SDKROOT; };
		3A3336C419C00065000A5B90 /* libz.dylib */ = {isa = PBXFileReference; lastKnownFileType = "compiled.mach-o.dylib"; name = libz.dylib; path = usr/lib/libz.dylib; sourceTree = SDKROOT; };
		3A3336C619C00117000A5B90 /* UMLoginViewController.h */ = {isa = PBXFileReference; fileEncoding = 4; lastKnownFileType = sourcecode.c.h; path = UMLoginViewController.h; sourceTree = "<group>"; };
		3A3336C719C00117000A5B90 /* UMLoginViewController.m */ = {isa = PBXFileReference; fileEncoding = 4; lastKnownFileType = sourcecode.c.objc; path = UMLoginViewController.m; sourceTree = "<group>"; };
		3A3336CA19C05521000A5B90 /* AFHTTPRequestOperation.h */ = {isa = PBXFileReference; fileEncoding = 4; lastKnownFileType = sourcecode.c.h; path = AFHTTPRequestOperation.h; sourceTree = "<group>"; };
		3A3336CB19C05521000A5B90 /* AFHTTPRequestOperation.m */ = {isa = PBXFileReference; fileEncoding = 4; lastKnownFileType = sourcecode.c.objc; path = AFHTTPRequestOperation.m; sourceTree = "<group>"; };
		3A3336CC19C05521000A5B90 /* AFHTTPRequestOperationManager.h */ = {isa = PBXFileReference; fileEncoding = 4; lastKnownFileType = sourcecode.c.h; path = AFHTTPRequestOperationManager.h; sourceTree = "<group>"; };
		3A3336CD19C05521000A5B90 /* AFHTTPRequestOperationManager.m */ = {isa = PBXFileReference; fileEncoding = 4; lastKnownFileType = sourcecode.c.objc; path = AFHTTPRequestOperationManager.m; sourceTree = "<group>"; };
		3A3336CE19C05521000A5B90 /* AFHTTPSessionManager.h */ = {isa = PBXFileReference; fileEncoding = 4; lastKnownFileType = sourcecode.c.h; path = AFHTTPSessionManager.h; sourceTree = "<group>"; };
		3A3336CF19C05521000A5B90 /* AFHTTPSessionManager.m */ = {isa = PBXFileReference; fileEncoding = 4; lastKnownFileType = sourcecode.c.objc; path = AFHTTPSessionManager.m; sourceTree = "<group>"; };
		3A3336D019C05521000A5B90 /* AFNetworking.h */ = {isa = PBXFileReference; fileEncoding = 4; lastKnownFileType = sourcecode.c.h; path = AFNetworking.h; sourceTree = "<group>"; };
		3A3336D119C05521000A5B90 /* AFNetworkReachabilityManager.h */ = {isa = PBXFileReference; fileEncoding = 4; lastKnownFileType = sourcecode.c.h; path = AFNetworkReachabilityManager.h; sourceTree = "<group>"; };
		3A3336D219C05521000A5B90 /* AFNetworkReachabilityManager.m */ = {isa = PBXFileReference; fileEncoding = 4; lastKnownFileType = sourcecode.c.objc; path = AFNetworkReachabilityManager.m; sourceTree = "<group>"; };
		3A3336D319C05521000A5B90 /* AFSecurityPolicy.h */ = {isa = PBXFileReference; fileEncoding = 4; lastKnownFileType = sourcecode.c.h; path = AFSecurityPolicy.h; sourceTree = "<group>"; };
		3A3336D419C05521000A5B90 /* AFSecurityPolicy.m */ = {isa = PBXFileReference; fileEncoding = 4; lastKnownFileType = sourcecode.c.objc; path = AFSecurityPolicy.m; sourceTree = "<group>"; };
		3A3336D519C05521000A5B90 /* AFURLConnectionOperation.h */ = {isa = PBXFileReference; fileEncoding = 4; lastKnownFileType = sourcecode.c.h; path = AFURLConnectionOperation.h; sourceTree = "<group>"; };
		3A3336D619C05521000A5B90 /* AFURLConnectionOperation.m */ = {isa = PBXFileReference; fileEncoding = 4; lastKnownFileType = sourcecode.c.objc; path = AFURLConnectionOperation.m; sourceTree = "<group>"; };
		3A3336D719C05521000A5B90 /* AFURLRequestSerialization.h */ = {isa = PBXFileReference; fileEncoding = 4; lastKnownFileType = sourcecode.c.h; path = AFURLRequestSerialization.h; sourceTree = "<group>"; };
		3A3336D819C05521000A5B90 /* AFURLRequestSerialization.m */ = {isa = PBXFileReference; fileEncoding = 4; lastKnownFileType = sourcecode.c.objc; path = AFURLRequestSerialization.m; sourceTree = "<group>"; };
		3A3336D919C05521000A5B90 /* AFURLResponseSerialization.h */ = {isa = PBXFileReference; fileEncoding = 4; lastKnownFileType = sourcecode.c.h; path = AFURLResponseSerialization.h; sourceTree = "<group>"; };
		3A3336DA19C05521000A5B90 /* AFURLResponseSerialization.m */ = {isa = PBXFileReference; fileEncoding = 4; lastKnownFileType = sourcecode.c.objc; path = AFURLResponseSerialization.m; sourceTree = "<group>"; };
		3A3336DB19C05521000A5B90 /* AFURLSessionManager.h */ = {isa = PBXFileReference; fileEncoding = 4; lastKnownFileType = sourcecode.c.h; path = AFURLSessionManager.h; sourceTree = "<group>"; };
		3A3336DC19C05521000A5B90 /* AFURLSessionManager.m */ = {isa = PBXFileReference; fileEncoding = 4; lastKnownFileType = sourcecode.c.objc; path = AFURLSessionManager.m; sourceTree = "<group>"; };
		3A3336DE19C05521000A5B90 /* AFNetworkActivityIndicatorManager.h */ = {isa = PBXFileReference; fileEncoding = 4; lastKnownFileType = sourcecode.c.h; path = AFNetworkActivityIndicatorManager.h; sourceTree = "<group>"; };
		3A3336DF19C05521000A5B90 /* AFNetworkActivityIndicatorManager.m */ = {isa = PBXFileReference; fileEncoding = 4; lastKnownFileType = sourcecode.c.objc; path = AFNetworkActivityIndicatorManager.m; sourceTree = "<group>"; };
		3A3336E019C05521000A5B90 /* UIActivityIndicatorView+AFNetworking.h */ = {isa = PBXFileReference; fileEncoding = 4; lastKnownFileType = sourcecode.c.h; path = "UIActivityIndicatorView+AFNetworking.h"; sourceTree = "<group>"; };
		3A3336E119C05521000A5B90 /* UIActivityIndicatorView+AFNetworking.m */ = {isa = PBXFileReference; fileEncoding = 4; lastKnownFileType = sourcecode.c.objc; path = "UIActivityIndicatorView+AFNetworking.m"; sourceTree = "<group>"; };
		3A3336E219C05521000A5B90 /* UIAlertView+AFNetworking.h */ = {isa = PBXFileReference; fileEncoding = 4; lastKnownFileType = sourcecode.c.h; path = "UIAlertView+AFNetworking.h"; sourceTree = "<group>"; };
		3A3336E319C05521000A5B90 /* UIAlertView+AFNetworking.m */ = {isa = PBXFileReference; fileEncoding = 4; lastKnownFileType = sourcecode.c.objc; path = "UIAlertView+AFNetworking.m"; sourceTree = "<group>"; };
		3A3336E419C05521000A5B90 /* UIButton+AFNetworking.h */ = {isa = PBXFileReference; fileEncoding = 4; lastKnownFileType = sourcecode.c.h; path = "UIButton+AFNetworking.h"; sourceTree = "<group>"; };
		3A3336E519C05521000A5B90 /* UIButton+AFNetworking.m */ = {isa = PBXFileReference; fileEncoding = 4; lastKnownFileType = sourcecode.c.objc; path = "UIButton+AFNetworking.m"; sourceTree = "<group>"; };
		3A3336E619C05521000A5B90 /* UIImageView+AFNetworking.h */ = {isa = PBXFileReference; fileEncoding = 4; lastKnownFileType = sourcecode.c.h; path = "UIImageView+AFNetworking.h"; sourceTree = "<group>"; };
		3A3336E719C05521000A5B90 /* UIImageView+AFNetworking.m */ = {isa = PBXFileReference; fileEncoding = 4; lastKnownFileType = sourcecode.c.objc; path = "UIImageView+AFNetworking.m"; sourceTree = "<group>"; };
		3A3336E819C05521000A5B90 /* UIKit+AFNetworking.h */ = {isa = PBXFileReference; fileEncoding = 4; lastKnownFileType = sourcecode.c.h; path = "UIKit+AFNetworking.h"; sourceTree = "<group>"; };
		3A3336E919C05521000A5B90 /* UIProgressView+AFNetworking.h */ = {isa = PBXFileReference; fileEncoding = 4; lastKnownFileType = sourcecode.c.h; path = "UIProgressView+AFNetworking.h"; sourceTree = "<group>"; };
		3A3336EA19C05521000A5B90 /* UIProgressView+AFNetworking.m */ = {isa = PBXFileReference; fileEncoding = 4; lastKnownFileType = sourcecode.c.objc; path = "UIProgressView+AFNetworking.m"; sourceTree = "<group>"; };
		3A3336EB19C05521000A5B90 /* UIRefreshControl+AFNetworking.h */ = {isa = PBXFileReference; fileEncoding = 4; lastKnownFileType = sourcecode.c.h; path = "UIRefreshControl+AFNetworking.h"; sourceTree = "<group>"; };
		3A3336EC19C05521000A5B90 /* UIRefreshControl+AFNetworking.m */ = {isa = PBXFileReference; fileEncoding = 4; lastKnownFileType = sourcecode.c.objc; path = "UIRefreshControl+AFNetworking.m"; sourceTree = "<group>"; };
		3A3336ED19C05521000A5B90 /* UIWebView+AFNetworking.h */ = {isa = PBXFileReference; fileEncoding = 4; lastKnownFileType = sourcecode.c.h; path = "UIWebView+AFNetworking.h"; sourceTree = "<group>"; };
		3A3336EE19C05521000A5B90 /* UIWebView+AFNetworking.m */ = {isa = PBXFileReference; fileEncoding = 4; lastKnownFileType = sourcecode.c.objc; path = "UIWebView+AFNetworking.m"; sourceTree = "<group>"; };
		3A54FED819B84B9C00D2648A /* UMTodayBizViewController.h */ = {isa = PBXFileReference; fileEncoding = 4; lastKnownFileType = sourcecode.c.h; path = UMTodayBizViewController.h; sourceTree = "<group>"; };
		3A54FED919B84B9C00D2648A /* UMTodayBizViewController.m */ = {isa = PBXFileReference; fileEncoding = 4; lastKnownFileType = sourcecode.c.objc; path = UMTodayBizViewController.m; sourceTree = "<group>"; };
		3A54FEDB19B84D7100D2648A /* UMDesignateDayBizViewController.h */ = {isa = PBXFileReference; fileEncoding = 4; lastKnownFileType = sourcecode.c.h; path = UMDesignateDayBizViewController.h; sourceTree = "<group>"; };
		3A54FEDC19B84D7100D2648A /* UMDesignateDayBizViewController.m */ = {isa = PBXFileReference; fileEncoding = 4; lastKnownFileType = sourcecode.c.objc; path = UMDesignateDayBizViewController.m; sourceTree = "<group>"; };
		3A54FEE119B84DC900D2648A /* UMDesignateMonthBizViewController.h */ = {isa = PBXFileReference; fileEncoding = 4; lastKnownFileType = sourcecode.c.h; path = UMDesignateMonthBizViewController.h; sourceTree = "<group>"; };
		3A54FEE219B84DC900D2648A /* UMDesignateMonthBizViewController.m */ = {isa = PBXFileReference; fileEncoding = 4; lastKnownFileType = sourcecode.c.objc; path = UMDesignateMonthBizViewController.m; sourceTree = "<group>"; };
		3A54FEE419B84DF900D2648A /* UMCurrentMonthBizViewController.h */ = {isa = PBXFileReference; fileEncoding = 4; lastKnownFileType = sourcecode.c.h; path = UMCurrentMonthBizViewController.h; sourceTree = "<group>"; };
		3A54FEE519B84DF900D2648A /* UMCurrentMonthBizViewController.m */ = {isa = PBXFileReference; fileEncoding = 4; lastKnownFileType = sourcecode.c.objc; path = UMCurrentMonthBizViewController.m; sourceTree = "<group>"; };
		3A54FEE719B84E0D00D2648A /* UMCurrentYearBizViewController.h */ = {isa = PBXFileReference; fileEncoding = 4; lastKnownFileType = sourcecode.c.h; path = UMCurrentYearBizViewController.h; sourceTree = "<group>"; };
		3A54FEE819B84E0D00D2648A /* UMCurrentYearBizViewController.m */ = {isa = PBXFileReference; fileEncoding = 4; lastKnownFileType = sourcecode.c.objc; path = UMCurrentYearBizViewController.m; sourceTree = "<group>"; };
		3A54FEEA19B84E4000D2648A /* UMOverdueUnhandleViewController.h */ = {isa = PBXFileReference; fileEncoding = 4; lastKnownFileType = sourcecode.c.h; path = UMOverdueUnhandleViewController.h; sourceTree = "<group>"; };
		3A54FEEB19B84E4000D2648A /* UMOverdueUnhandleViewController.m */ = {isa = PBXFileReference; fileEncoding = 4; lastKnownFileType = sourcecode.c.objc; path = UMOverdueUnhandleViewController.m; sourceTree = "<group>"; };
		3A54FEED19B84E5200D2648A /* UMOverdueUnfinishViewController.h */ = {isa = PBXFileReference; fileEncoding = 4; lastKnownFileType = sourcecode.c.h; path = UMOverdueUnfinishViewController.h; sourceTree = "<group>"; };
		3A54FEEE19B84E5200D2648A /* UMOverdueUnfinishViewController.m */ = {isa = PBXFileReference; fileEncoding = 4; lastKnownFileType = sourcecode.c.objc; path = UMOverdueUnfinishViewController.m; sourceTree = "<group>"; };
		3A54FEF019B84E7600D2648A /* UMAllUnWriteoffReceiveViewController.h */ = {isa = PBXFileReference; fileEncoding = 4; lastKnownFileType = sourcecode.c.h; path = UMAllUnWriteoffReceiveViewController.h; sourceTree = "<group>"; };
		3A54FEF119B84E7600D2648A /* UMAllUnWriteoffReceiveViewController.m */ = {isa = PBXFileReference; fileEncoding = 4; lastKnownFileType = sourcecode.c.objc; path = UMAllUnWriteoffReceiveViewController.m; sourceTree = "<group>"; };
		3A54FEF319B84E9A00D2648A /* UMOverdue30UnWriteoffReceiveViewController.h */ = {isa = PBXFileReference; fileEncoding = 4; lastKnownFileType = sourcecode.c.h; path = UMOverdue30UnWriteoffReceiveViewController.h; sourceTree = "<group>"; };
		3A54FEF419B84E9A00D2648A /* UMOverdue30UnWriteoffReceiveViewController.m */ = {isa = PBXFileReference; fileEncoding = 4; lastKnownFileType = sourcecode.c.objc; path = UMOverdue30UnWriteoffReceiveViewController.m; sourceTree = "<group>"; };
		3A54FEF619B84EC400D2648A /* UMOverdue60UnWriteoffReceiveViewController.h */ = {isa = PBXFileReference; fileEncoding = 4; lastKnownFileType = sourcecode.c.h; path = UMOverdue60UnWriteoffReceiveViewController.h; sourceTree = "<group>"; };
		3A54FEF719B84EC400D2648A /* UMOverdue60UnWriteoffReceiveViewController.m */ = {isa = PBXFileReference; fileEncoding = 4; lastKnownFileType = sourcecode.c.objc; path = UMOverdue60UnWriteoffReceiveViewController.m; sourceTree = "<group>"; };
		3A54FEF919B84EDD00D2648A /* UMAllUnWriteoffPayViewController.h */ = {isa = PBXFileReference; fileEncoding = 4; lastKnownFileType = sourcecode.c.h; path = UMAllUnWriteoffPayViewController.h; sourceTree = "<group>"; };
		3A54FEFA19B84EDD00D2648A /* UMAllUnWriteoffPayViewController.m */ = {isa = PBXFileReference; fileEncoding = 4; lastKnownFileType = sourcecode.c.objc; path = UMAllUnWriteoffPayViewController.m; sourceTree = "<group>"; };
		3A6B68FC19C51ECD00F2A249 /* PNLineChartView.h */ = {isa = PBXFileReference; fileEncoding = 4; lastKnownFileType = sourcecode.c.h; path = PNLineChartView.h; sourceTree = "<group>"; };
		3A6B68FD19C51ECD00F2A249 /* PNLineChartView.m */ = {isa = PBXFileReference; fileEncoding = 4; lastKnownFileType = sourcecode.c.objc; path = PNLineChartView.m; sourceTree = "<group>"; };
		3A6B68FE19C51ECD00F2A249 /* PNPlot.h */ = {isa = PBXFileReference; fileEncoding = 4; lastKnownFileType = sourcecode.c.h; path = PNPlot.h; sourceTree = "<group>"; };
		3A6B68FF19C51ECD00F2A249 /* PNPlot.m */ = {isa = PBXFileReference; fileEncoding = 4; lastKnownFileType = sourcecode.c.objc; path = PNPlot.m; sourceTree = "<group>"; };
		3AB6945919C878E600B67915 /* UMModifyPasswordViewController.h */ = {isa = PBXFileReference; fileEncoding = 4; lastKnownFileType = sourcecode.c.h; path = UMModifyPasswordViewController.h; sourceTree = "<group>"; };
		3AB6945A19C878E600B67915 /* UMModifyPasswordViewController.m */ = {isa = PBXFileReference; fileEncoding = 4; lastKnownFileType = sourcecode.c.objc; path = UMModifyPasswordViewController.m; sourceTree = "<group>"; };
		3AB6945F19C8826400B67915 /* UMSettingTableViewController.h */ = {isa = PBXFileReference; fileEncoding = 4; lastKnownFileType = sourcecode.c.h; path = UMSettingTableViewController.h; sourceTree = "<group>"; };
		3AB6946019C8826400B67915 /* UMSettingTableViewController.m */ = {isa = PBXFileReference; fileEncoding = 4; lastKnownFileType = sourcecode.c.objc; path = UMSettingTableViewController.m; sourceTree = "<group>"; };
		3AD75DFA19C9206B008138C0 /* UMTaskTableViewCell.h */ = {isa = PBXFileReference; fileEncoding = 4; lastKnownFileType = sourcecode.c.h; path = UMTaskTableViewCell.h; sourceTree = "<group>"; };
		3AD75DFB19C9206B008138C0 /* UMTaskTableViewCell.m */ = {isa = PBXFileReference; fileEncoding = 4; lastKnownFileType = sourcecode.c.objc; path = UMTaskTableViewCell.m; sourceTree = "<group>"; };
		3ADCDC1B19C9190D00E101B5 /* UMTaskTableViewController.h */ = {isa = PBXFileReference; fileEncoding = 4; lastKnownFileType = sourcecode.c.h; name = UMTaskTableViewController.h; path = ../UMTaskTableViewController.h; sourceTree = "<group>"; };
		3ADCDC1C19C9190D00E101B5 /* UMTaskTableViewController.m */ = {isa = PBXFileReference; fileEncoding = 4; lastKnownFileType = sourcecode.c.objc; name = UMTaskTableViewController.m; path = ../UMTaskTableViewController.m; sourceTree = "<group>"; };
/* End PBXFileReference section */

/* Begin PBXFrameworksBuildPhase section */
		3A10ED3119AA075600A3E05B /* Frameworks */ = {
			isa = PBXFrameworksBuildPhase;
			buildActionMask = 2147483647;
			files = (
				3A3336C519C00065000A5B90 /* libz.dylib in Frameworks */,
				3A3336C319C0005D000A5B90 /* libxml2.dylib in Frameworks */,
				3A3336C119C0004C000A5B90 /* SystemConfiguration.framework in Frameworks */,
				3A3336BF19C00041000A5B90 /* MobileCoreServices.framework in Frameworks */,
				3A10ED3A19AA075600A3E05B /* CoreGraphics.framework in Frameworks */,
				3A3336BD19C0002A000A5B90 /* CFNetwork.framework in Frameworks */,
				3A10ED3C19AA075600A3E05B /* UIKit.framework in Frameworks */,
				3A10ED3819AA075600A3E05B /* Foundation.framework in Frameworks */,
			);
			runOnlyForDeploymentPostprocessing = 0;
		};
		3A10ED4C19AA075600A3E05B /* Frameworks */ = {
			isa = PBXFrameworksBuildPhase;
			buildActionMask = 2147483647;
			files = (
				3A10ED5119AA075600A3E05B /* XCTest.framework in Frameworks */,
				3A10ED5319AA075600A3E05B /* UIKit.framework in Frameworks */,
				3A10ED5219AA075600A3E05B /* Foundation.framework in Frameworks */,
			);
			runOnlyForDeploymentPostprocessing = 0;
		};
/* End PBXFrameworksBuildPhase section */

/* Begin PBXGroup section */
		3A10ED2B19AA075600A3E05B = {
			isa = PBXGroup;
			children = (
				3A2648D619CC2BE900379FEE /* AFPickerView */,
				3A2648C719CBAD4F00379FEE /* Vendor */,
				3A11023919C7DA540081E93E /* ASFTableView */,
				3A6B68FB19C51ECD00F2A249 /* PNLineChart */,
				3A10ED3D19AA075600A3E05B /* vlogmb */,
				3A10ED5619AA075600A3E05B /* vlogmbTests */,
				3A10ED3619AA075600A3E05B /* Frameworks */,
				3A10ED3519AA075600A3E05B /* Products */,
				3A3336C919C05521000A5B90 /* AFNetworking */,
				3A3336DD19C05521000A5B90 /* UIKit+AFNetworking */,
			);
			sourceTree = "<group>";
		};
		3A10ED3519AA075600A3E05B /* Products */ = {
			isa = PBXGroup;
			children = (
				3A10ED3419AA075600A3E05B /* vlogmb.app */,
				3A10ED4F19AA075600A3E05B /* vlogmbTests.xctest */,
			);
			name = Products;
			sourceTree = "<group>";
		};
		3A10ED3619AA075600A3E05B /* Frameworks */ = {
			isa = PBXGroup;
			children = (
				3A3336C419C00065000A5B90 /* libz.dylib */,
				3A3336C219C0005D000A5B90 /* libxml2.dylib */,
				3A3336C019C0004C000A5B90 /* SystemConfiguration.framework */,
				3A3336BE19C00041000A5B90 /* MobileCoreServices.framework */,
				3A3336BC19C0002A000A5B90 /* CFNetwork.framework */,
				3A10ED3719AA075600A3E05B /* Foundation.framework */,
				3A10ED3919AA075600A3E05B /* CoreGraphics.framework */,
				3A10ED3B19AA075600A3E05B /* UIKit.framework */,
				3A10ED5019AA075600A3E05B /* XCTest.framework */,
			);
			name = Frameworks;
			sourceTree = "<group>";
		};
		3A10ED3D19AA075600A3E05B /* vlogmb */ = {
			isa = PBXGroup;
			children = (
				3ADCDC1B19C9190D00E101B5 /* UMTaskTableViewController.h */,
				3ADCDC1C19C9190D00E101B5 /* UMTaskTableViewController.m */,
				3A10ED4619AA075600A3E05B /* UMAppDelegate.h */,
				3A10ED4719AA075600A3E05B /* UMAppDelegate.m */,
				3A10ED4919AA075600A3E05B /* Images.xcassets */,
				3A10ED3E19AA075600A3E05B /* Supporting Files */,
				3A10ED6619AA082800A3E05B /* Main.storyboard */,
				3A54FED819B84B9C00D2648A /* UMTodayBizViewController.h */,
				3A54FED919B84B9C00D2648A /* UMTodayBizViewController.m */,
				3A54FEDB19B84D7100D2648A /* UMDesignateDayBizViewController.h */,
				3A54FEDC19B84D7100D2648A /* UMDesignateDayBizViewController.m */,
				3A54FEE119B84DC900D2648A /* UMDesignateMonthBizViewController.h */,
				3A54FEE219B84DC900D2648A /* UMDesignateMonthBizViewController.m */,
				3A54FEE419B84DF900D2648A /* UMCurrentMonthBizViewController.h */,
				3A54FEE519B84DF900D2648A /* UMCurrentMonthBizViewController.m */,
				3A54FEE719B84E0D00D2648A /* UMCurrentYearBizViewController.h */,
				3A54FEE819B84E0D00D2648A /* UMCurrentYearBizViewController.m */,
				3A54FEEA19B84E4000D2648A /* UMOverdueUnhandleViewController.h */,
				3A54FEEB19B84E4000D2648A /* UMOverdueUnhandleViewController.m */,
				3A54FEED19B84E5200D2648A /* UMOverdueUnfinishViewController.h */,
				3A54FEEE19B84E5200D2648A /* UMOverdueUnfinishViewController.m */,
				3A54FEF019B84E7600D2648A /* UMAllUnWriteoffReceiveViewController.h */,
				3A54FEF119B84E7600D2648A /* UMAllUnWriteoffReceiveViewController.m */,
				3A54FEF319B84E9A00D2648A /* UMOverdue30UnWriteoffReceiveViewController.h */,
				3A54FEF419B84E9A00D2648A /* UMOverdue30UnWriteoffReceiveViewController.m */,
				3A54FEF619B84EC400D2648A /* UMOverdue60UnWriteoffReceiveViewController.h */,
				3A54FEF719B84EC400D2648A /* UMOverdue60UnWriteoffReceiveViewController.m */,
				3A54FEF919B84EDD00D2648A /* UMAllUnWriteoffPayViewController.h */,
				3A54FEFA19B84EDD00D2648A /* UMAllUnWriteoffPayViewController.m */,
				3A3336C619C00117000A5B90 /* UMLoginViewController.h */,
				3A3336C719C00117000A5B90 /* UMLoginViewController.m */,
				3AB6945919C878E600B67915 /* UMModifyPasswordViewController.h */,
				3AB6945A19C878E600B67915 /* UMModifyPasswordViewController.m */,
				3AB6945F19C8826400B67915 /* UMSettingTableViewController.h */,
				3AB6946019C8826400B67915 /* UMSettingTableViewController.m */,
				3AD75DFA19C9206B008138C0 /* UMTaskTableViewCell.h */,
				3AD75DFB19C9206B008138C0 /* UMTaskTableViewCell.m */,
				3A2648B819CAC19E00379FEE /* UMAuditAirorderViewController.h */,
				3A2648B919CAC19E00379FEE /* UMAuditAirorderViewController.m */,
				3A2648BB19CAC20D00379FEE /* UMAuditDomesticAirordercostViewController.h */,
				3A2648BC19CAC20D00379FEE /* UMAuditDomesticAirordercostViewController.m */,
				3A2648BE19CAC22200379FEE /* UMAuditForeignAirordercostViewController.h */,
				3A2648BF19CAC22200379FEE /* UMAuditForeignAirordercostViewController.m */,
				3A2648C119CAC24100379FEE /* UMAuditDomesticInvoiceViewController.h */,
				3A2648C219CAC24100379FEE /* UMAuditDomesticInvoiceViewController.m */,
				3A2648C419CAC25400379FEE /* UMAuditWholeAirorderViewController.h */,
				3A2648C519CAC25400379FEE /* UMAuditWholeAirorderViewController.m */,
				3A2648D319CBBA5E00379FEE /* UMDesignateThirdPartyViewController.h */,
				3A2648D419CBBA5E00379FEE /* UMDesignateThirdPartyViewController.m */,
			);
			path = vlogmb;
			sourceTree = "<group>";
		};
		3A10ED3E19AA075600A3E05B /* Supporting Files */ = {
			isa = PBXGroup;
			children = (
				3A10ED3F19AA075600A3E05B /* vlogmb-Info.plist */,
				3A10ED4019AA075600A3E05B /* InfoPlist.strings */,
				3A10ED4319AA075600A3E05B /* main.m */,
				3A10ED4519AA075600A3E05B /* vlogmb-Prefix.pch */,
			);
			name = "Supporting Files";
			sourceTree = "<group>";
		};
		3A10ED5619AA075600A3E05B /* vlogmbTests */ = {
			isa = PBXGroup;
			children = (
				3A10ED5C19AA075600A3E05B /* vlogmbTests.m */,
				3A10ED5719AA075600A3E05B /* Supporting Files */,
			);
			path = vlogmbTests;
			sourceTree = "<group>";
		};
		3A10ED5719AA075600A3E05B /* Supporting Files */ = {
			isa = PBXGroup;
			children = (
				3A10ED5819AA075600A3E05B /* vlogmbTests-Info.plist */,
				3A10ED5919AA075600A3E05B /* InfoPlist.strings */,
			);
			name = "Supporting Files";
			sourceTree = "<group>";
		};
		3A11023919C7DA540081E93E /* ASFTableView */ = {
			isa = PBXGroup;
			children = (
				3A11023A19C7DA540081E93E /* ASFLabel.h */,
				3A11023B19C7DA540081E93E /* ASFLabel.m */,
				3A11023C19C7DA540081E93E /* ASFTableView.h */,
				3A11023D19C7DA540081E93E /* ASFTableView.m */,
				3A11023E19C7DA540081E93E /* ASFTableViewCell.h */,
				3A11023F19C7DA540081E93E /* ASFTableViewCell.m */,
				3A11024019C7DA540081E93E /* ASFTableViewPrivateGlobals.h */,
				3A11024119C7DA540081E93E /* ASFTableViewPrivateGlobals.m */,
				3A11024219C7DA540081E93E /* ASFTableViewPublicGlobals.h */,
				3A11024319C7DA540081E93E /* ASFTableViewPublicGlobals.m */,
			);
			path = ASFTableView;
			sourceTree = "<group>";
		};
		3A2648C719CBAD4F00379FEE /* Vendor */ = {
			isa = PBXGroup;
			children = (
				3A2648C819CBAD4F00379FEE /* btn_close_normal.png */,
				3A2648C919CBAD4F00379FEE /* btn_close_normal@2x.png */,
				3A2648CA19CBAD4F00379FEE /* btn_close_selected.png */,
				3A2648CB19CBAD4F00379FEE /* btn_close_selected@2x.png */,
				3A2648CC19CBAD4F00379FEE /* DXAlertView.h */,
				3A2648CD19CBAD5000379FEE /* DXAlertView.m */,
			);
			path = Vendor;
			sourceTree = "<group>";
		};
		3A2648D619CC2BE900379FEE /* AFPickerView */ = {
			isa = PBXGroup;
			children = (
				3A2648D719CC2BE900379FEE /* AFPickerView.h */,
				3A2648D819CC2BE900379FEE /* AFPickerView.m */,
				3A2648D919CC2BE900379FEE /* PickerBG.png */,
				3A2648DA19CC2BE900379FEE /* PickerBG@2x.png */,
				3A2648DB19CC2BE900379FEE /* pickerGlass.png */,
				3A2648DC19CC2BE900379FEE /* pickerGlass@2x.png */,
				3A2648DD19CC2BE900379FEE /* PickerShadow.png */,
				3A2648DE19CC2BE900379FEE /* PickerShadow@2x.png */,
			);
			path = AFPickerView;
			sourceTree = "<group>";
		};
		3A3336C919C05521000A5B90 /* AFNetworking */ = {
			isa = PBXGroup;
			children = (
				3A3336CA19C05521000A5B90 /* AFHTTPRequestOperation.h */,
				3A3336CB19C05521000A5B90 /* AFHTTPRequestOperation.m */,
				3A3336CC19C05521000A5B90 /* AFHTTPRequestOperationManager.h */,
				3A3336CD19C05521000A5B90 /* AFHTTPRequestOperationManager.m */,
				3A3336CE19C05521000A5B90 /* AFHTTPSessionManager.h */,
				3A3336CF19C05521000A5B90 /* AFHTTPSessionManager.m */,
				3A3336D019C05521000A5B90 /* AFNetworking.h */,
				3A3336D119C05521000A5B90 /* AFNetworkReachabilityManager.h */,
				3A3336D219C05521000A5B90 /* AFNetworkReachabilityManager.m */,
				3A3336D319C05521000A5B90 /* AFSecurityPolicy.h */,
				3A3336D419C05521000A5B90 /* AFSecurityPolicy.m */,
				3A3336D519C05521000A5B90 /* AFURLConnectionOperation.h */,
				3A3336D619C05521000A5B90 /* AFURLConnectionOperation.m */,
				3A3336D719C05521000A5B90 /* AFURLRequestSerialization.h */,
				3A3336D819C05521000A5B90 /* AFURLRequestSerialization.m */,
				3A3336D919C05521000A5B90 /* AFURLResponseSerialization.h */,
				3A3336DA19C05521000A5B90 /* AFURLResponseSerialization.m */,
				3A3336DB19C05521000A5B90 /* AFURLSessionManager.h */,
				3A3336DC19C05521000A5B90 /* AFURLSessionManager.m */,
			);
			path = AFNetworking;
			sourceTree = "<group>";
		};
		3A3336DD19C05521000A5B90 /* UIKit+AFNetworking */ = {
			isa = PBXGroup;
			children = (
				3A3336DE19C05521000A5B90 /* AFNetworkActivityIndicatorManager.h */,
				3A3336DF19C05521000A5B90 /* AFNetworkActivityIndicatorManager.m */,
				3A3336E019C05521000A5B90 /* UIActivityIndicatorView+AFNetworking.h */,
				3A3336E119C05521000A5B90 /* UIActivityIndicatorView+AFNetworking.m */,
				3A3336E219C05521000A5B90 /* UIAlertView+AFNetworking.h */,
				3A3336E319C05521000A5B90 /* UIAlertView+AFNetworking.m */,
				3A3336E419C05521000A5B90 /* UIButton+AFNetworking.h */,
				3A3336E519C05521000A5B90 /* UIButton+AFNetworking.m */,
				3A3336E619C05521000A5B90 /* UIImageView+AFNetworking.h */,
				3A3336E719C05521000A5B90 /* UIImageView+AFNetworking.m */,
				3A3336E819C05521000A5B90 /* UIKit+AFNetworking.h */,
				3A3336E919C05521000A5B90 /* UIProgressView+AFNetworking.h */,
				3A3336EA19C05521000A5B90 /* UIProgressView+AFNetworking.m */,
				3A3336EB19C05521000A5B90 /* UIRefreshControl+AFNetworking.h */,
				3A3336EC19C05521000A5B90 /* UIRefreshControl+AFNetworking.m */,
				3A3336ED19C05521000A5B90 /* UIWebView+AFNetworking.h */,
				3A3336EE19C05521000A5B90 /* UIWebView+AFNetworking.m */,
			);
			path = "UIKit+AFNetworking";
			sourceTree = "<group>";
		};
		3A6B68FB19C51ECD00F2A249 /* PNLineChart */ = {
			isa = PBXGroup;
			children = (
				3A11007919C5AF070081E93E /* SRMonthPicker.h */,
				3A11007A19C5AF070081E93E /* SRMonthPicker.m */,
				3A6B68FC19C51ECD00F2A249 /* PNLineChartView.h */,
				3A6B68FD19C51ECD00F2A249 /* PNLineChartView.m */,
				3A6B68FE19C51ECD00F2A249 /* PNPlot.h */,
				3A6B68FF19C51ECD00F2A249 /* PNPlot.m */,
			);
			path = PNLineChart;
			sourceTree = "<group>";
		};
/* End PBXGroup section */

/* Begin PBXNativeTarget section */
		3A10ED3319AA075600A3E05B /* vlogmb */ = {
			isa = PBXNativeTarget;
			buildConfigurationList = 3A10ED6019AA075600A3E05B /* Build configuration list for PBXNativeTarget "vlogmb" */;
			buildPhases = (
				3A10ED3019AA075600A3E05B /* Sources */,
				3A10ED3119AA075600A3E05B /* Frameworks */,
				3A10ED3219AA075600A3E05B /* Resources */,
			);
			buildRules = (
			);
			dependencies = (
			);
			name = vlogmb;
			productName = vlogmb;
			productReference = 3A10ED3419AA075600A3E05B /* vlogmb.app */;
			productType = "com.apple.product-type.application";
		};
		3A10ED4E19AA075600A3E05B /* vlogmbTests */ = {
			isa = PBXNativeTarget;
			buildConfigurationList = 3A10ED6319AA075600A3E05B /* Build configuration list for PBXNativeTarget "vlogmbTests" */;
			buildPhases = (
				3A10ED4B19AA075600A3E05B /* Sources */,
				3A10ED4C19AA075600A3E05B /* Frameworks */,
				3A10ED4D19AA075600A3E05B /* Resources */,
			);
			buildRules = (
			);
			dependencies = (
				3A10ED5519AA075600A3E05B /* PBXTargetDependency */,
			);
			name = vlogmbTests;
			productName = vlogmbTests;
			productReference = 3A10ED4F19AA075600A3E05B /* vlogmbTests.xctest */;
			productType = "com.apple.product-type.bundle.unit-test";
		};
/* End PBXNativeTarget section */

/* Begin PBXProject section */
		3A10ED2C19AA075600A3E05B /* Project object */ = {
			isa = PBXProject;
			attributes = {
				CLASSPREFIX = UM;
				LastUpgradeCheck = 0510;
				ORGANIZATIONNAME = "you-meng.com";
				TargetAttributes = {
					3A10ED3319AA075600A3E05B = {
						DevelopmentTeam = 7WH5FE9C46;
					};
					3A10ED4E19AA075600A3E05B = {
						TestTargetID = 3A10ED3319AA075600A3E05B;
					};
				};
			};
			buildConfigurationList = 3A10ED2F19AA075600A3E05B /* Build configuration list for PBXProject "vlogmb" */;
			compatibilityVersion = "Xcode 3.2";
			developmentRegion = English;
			hasScannedForEncodings = 0;
			knownRegions = (
				en,
			);
			mainGroup = 3A10ED2B19AA075600A3E05B;
			productRefGroup = 3A10ED3519AA075600A3E05B /* Products */;
			projectDirPath = "";
			projectRoot = "";
			targets = (
				3A10ED3319AA075600A3E05B /* vlogmb */,
				3A10ED4E19AA075600A3E05B /* vlogmbTests */,
			);
		};
/* End PBXProject section */

/* Begin PBXResourcesBuildPhase section */
		3A10ED3219AA075600A3E05B /* Resources */ = {
			isa = PBXResourcesBuildPhase;
			buildActionMask = 2147483647;
			files = (
				3A2648D119CBAD5000379FEE /* btn_close_selected@2x.png in Resources */,
				3A2648CE19CBAD5000379FEE /* btn_close_normal.png in Resources */,
				3A2648E319CC2BE900379FEE /* pickerGlass@2x.png in Resources */,
				3A2648E119CC2BE900379FEE /* PickerBG@2x.png in Resources */,
				3A10ED6719AA082800A3E05B /* Main.storyboard in Resources */,
				3A2648D019CBAD5000379FEE /* btn_close_selected.png in Resources */,
				3A10ED4219AA075600A3E05B /* InfoPlist.strings in Resources */,
				3A2648E419CC2BE900379FEE /* PickerShadow.png in Resources */,
				3A2648E219CC2BE900379FEE /* pickerGlass.png in Resources */,
				3A10ED4A19AA075600A3E05B /* Images.xcassets in Resources */,
				3A2648E019CC2BE900379FEE /* PickerBG.png in Resources */,
				3A2648E519CC2BE900379FEE /* PickerShadow@2x.png in Resources */,
				3A2648CF19CBAD5000379FEE /* btn_close_normal@2x.png in Resources */,
			);
			runOnlyForDeploymentPostprocessing = 0;
		};
		3A10ED4D19AA075600A3E05B /* Resources */ = {
			isa = PBXResourcesBuildPhase;
			buildActionMask = 2147483647;
			files = (
				3A10ED5B19AA075600A3E05B /* InfoPlist.strings in Resources */,
			);
			runOnlyForDeploymentPostprocessing = 0;
		};
/* End PBXResourcesBuildPhase section */

/* Begin PBXSourcesBuildPhase section */
		3A10ED3019AA075600A3E05B /* Sources */ = {
			isa = PBXSourcesBuildPhase;
			buildActionMask = 2147483647;
			files = (
				3AD75DFC19C9206B008138C0 /* UMTaskTableViewCell.m in Sources */,
				3A2648BD19CAC20D00379FEE /* UMAuditDomesticAirordercostViewController.m in Sources */,
				3A54FEFB19B84EDD00D2648A /* UMAllUnWriteoffPayViewController.m in Sources */,
				3A3336F919C05521000A5B90 /* UIActivityIndicatorView+AFNetworking.m in Sources */,
				3A2648DF19CC2BE900379FEE /* AFPickerView.m in Sources */,
				3A3336FE19C05521000A5B90 /* UIRefreshControl+AFNetworking.m in Sources */,
				3A3336FB19C05521000A5B90 /* UIButton+AFNetworking.m in Sources */,
				3A3336FA19C05521000A5B90 /* UIAlertView+AFNetworking.m in Sources */,
				3A54FEDD19B84D7100D2648A /* UMDesignateDayBizViewController.m in Sources */,
				3AB6946119C8826400B67915 /* UMSettingTableViewController.m in Sources */,
				3A10ED4819AA075600A3E05B /* UMAppDelegate.m in Sources */,
				3A54FEEC19B84E4000D2648A /* UMOverdueUnhandleViewController.m in Sources */,
				3A3336F619C05521000A5B90 /* AFURLResponseSerialization.m in Sources */,
				3A2648D219CBAD5000379FEE /* DXAlertView.m in Sources */,
				3A11007B19C5AF070081E93E /* SRMonthPicker.m in Sources */,
				3A11024519C7DA540081E93E /* ASFTableView.m in Sources */,
				3A3336F419C05521000A5B90 /* AFURLConnectionOperation.m in Sources */,
				3A11024819C7DA540081E93E /* ASFTableViewPublicGlobals.m in Sources */,
				3A54FEE919B84E0D00D2648A /* UMCurrentYearBizViewController.m in Sources */,
				3A54FEDA19B84B9C00D2648A /* UMTodayBizViewController.m in Sources */,
				3A3336FD19C05521000A5B90 /* UIProgressView+AFNetworking.m in Sources */,
				3A11024419C7DA540081E93E /* ASFLabel.m in Sources */,
				3A3336F019C05521000A5B90 /* AFHTTPRequestOperationManager.m in Sources */,
				3A54FEE619B84DF900D2648A /* UMCurrentMonthBizViewController.m in Sources */,
				3A3336F319C05521000A5B90 /* AFSecurityPolicy.m in Sources */,
				3A54FEE319B84DC900D2648A /* UMDesignateMonthBizViewController.m in Sources */,
				3A3336C819C00117000A5B90 /* UMLoginViewController.m in Sources */,
				3A2648D519CBBA5E00379FEE /* UMDesignateThirdPartyViewController.m in Sources */,
				3A3336F519C05521000A5B90 /* AFURLRequestSerialization.m in Sources */,
				3A3336F219C05521000A5B90 /* AFNetworkReachabilityManager.m in Sources */,
				3A11024619C7DA540081E93E /* ASFTableViewCell.m in Sources */,
				3A54FEF519B84E9A00D2648A /* UMOverdue30UnWriteoffReceiveViewController.m in Sources */,
				3A6B690119C51ECD00F2A249 /* PNPlot.m in Sources */,
				3A3336FC19C05521000A5B90 /* UIImageView+AFNetworking.m in Sources */,
				3A2648C019CAC22200379FEE /* UMAuditForeignAirordercostViewController.m in Sources */,
				3A11024719C7DA540081E93E /* ASFTableViewPrivateGlobals.m in Sources */,
				3A54FEF819B84EC400D2648A /* UMOverdue60UnWriteoffReceiveViewController.m in Sources */,
				3AB6945B19C878E600B67915 /* UMModifyPasswordViewController.m in Sources */,
				3A10ED4419AA075600A3E05B /* main.m in Sources */,
				3A3336EF19C05521000A5B90 /* AFHTTPRequestOperation.m in Sources */,
				3A54FEEF19B84E5200D2648A /* UMOverdueUnfinishViewController.m in Sources */,
				3A3336F819C05521000A5B90 /* AFNetworkActivityIndicatorManager.m in Sources */,
				3ADCDC1D19C9190D00E101B5 /* UMTaskTableViewController.m in Sources */,
				3A3336F119C05521000A5B90 /* AFHTTPSessionManager.m in Sources */,
				3A3336FF19C05521000A5B90 /* UIWebView+AFNetworking.m in Sources */,
				3A54FEF219B84E7600D2648A /* UMAllUnWriteoffReceiveViewController.m in Sources */,
				3A2648BA19CAC19E00379FEE /* UMAuditAirorderViewController.m in Sources */,
				3A3336F719C05521000A5B90 /* AFURLSessionManager.m in Sources */,
				3A2648C319CAC24100379FEE /* UMAuditDomesticInvoiceViewController.m in Sources */,
				3A2648C619CAC25400379FEE /* UMAuditWholeAirorderViewController.m in Sources */,
				3A6B690019C51ECD00F2A249 /* PNLineChartView.m in Sources */,
			);
			runOnlyForDeploymentPostprocessing = 0;
		};
		3A10ED4B19AA075600A3E05B /* Sources */ = {
			isa = PBXSourcesBuildPhase;
			buildActionMask = 2147483647;
			files = (
				3A10ED5D19AA075600A3E05B /* vlogmbTests.m in Sources */,
			);
			runOnlyForDeploymentPostprocessing = 0;
		};
/* End PBXSourcesBuildPhase section */

/* Begin PBXTargetDependency section */
		3A10ED5519AA075600A3E05B /* PBXTargetDependency */ = {
			isa = PBXTargetDependency;
			target = 3A10ED3319AA075600A3E05B /* vlogmb */;
			targetProxy = 3A10ED5419AA075600A3E05B /* PBXContainerItemProxy */;
		};
/* End PBXTargetDependency section */

/* Begin PBXVariantGroup section */
		3A10ED4019AA075600A3E05B /* InfoPlist.strings */ = {
			isa = PBXVariantGroup;
			children = (
				3A10ED4119AA075600A3E05B /* en */,
			);
			name = InfoPlist.strings;
			sourceTree = "<group>";
		};
		3A10ED5919AA075600A3E05B /* InfoPlist.strings */ = {
			isa = PBXVariantGroup;
			children = (
				3A10ED5A19AA075600A3E05B /* en */,
			);
			name = InfoPlist.strings;
			sourceTree = "<group>";
		};
/* End PBXVariantGroup section */

/* Begin XCBuildConfiguration section */
		3A10ED5E19AA075600A3E05B /* Debug */ = {
			isa = XCBuildConfiguration;
			buildSettings = {
				ALWAYS_SEARCH_USER_PATHS = NO;
				CLANG_CXX_LANGUAGE_STANDARD = "gnu++0x";
				CLANG_CXX_LIBRARY = "libc++";
				CLANG_ENABLE_MODULES = YES;
				CLANG_ENABLE_OBJC_ARC = YES;
				CLANG_WARN_BOOL_CONVERSION = YES;
				CLANG_WARN_CONSTANT_CONVERSION = YES;
				CLANG_WARN_DIRECT_OBJC_ISA_USAGE = YES_ERROR;
				CLANG_WARN_EMPTY_BODY = YES;
				CLANG_WARN_ENUM_CONVERSION = YES;
				CLANG_WARN_INT_CONVERSION = YES;
				CLANG_WARN_OBJC_ROOT_CLASS = YES_ERROR;
				CLANG_WARN__DUPLICATE_METHOD_MATCH = YES;
				CODE_SIGN_IDENTITY = "iPhone Developer: Shaoyong Yu (9NG4P5Q33C)";
				"CODE_SIGN_IDENTITY[sdk=iphoneos*]" = "iPhone Developer: Shaoyong Yu (9NG4P5Q33C)";
				COPY_PHASE_STRIP = NO;
				GCC_C_LANGUAGE_STANDARD = gnu99;
				GCC_DYNAMIC_NO_PIC = NO;
				GCC_OPTIMIZATION_LEVEL = 0;
				GCC_PREPROCESSOR_DEFINITIONS = (
					"DEBUG=1",
					"$(inherited)",
				);
				GCC_SYMBOLS_PRIVATE_EXTERN = NO;
				GCC_WARN_64_TO_32_BIT_CONVERSION = YES;
				GCC_WARN_ABOUT_RETURN_TYPE = YES_ERROR;
				GCC_WARN_UNDECLARED_SELECTOR = YES;
				GCC_WARN_UNINITIALIZED_AUTOS = YES_AGGRESSIVE;
				GCC_WARN_UNUSED_FUNCTION = YES;
				GCC_WARN_UNUSED_VARIABLE = YES;
				IPHONEOS_DEPLOYMENT_TARGET = 7.1;
				ONLY_ACTIVE_ARCH = YES;
				PROVISIONING_PROFILE = "3a52761e-8734-4c95-bd5a-d83edc60d35c";
				SDKROOT = iphoneos;
				VALID_ARCHS = "armv7 armv7s";
			};
			name = Debug;
		};
		3A10ED5F19AA075600A3E05B /* Release */ = {
			isa = XCBuildConfiguration;
			buildSettings = {
				ALWAYS_SEARCH_USER_PATHS = NO;
				CLANG_CXX_LANGUAGE_STANDARD = "gnu++0x";
				CLANG_CXX_LIBRARY = "libc++";
				CLANG_ENABLE_MODULES = YES;
				CLANG_ENABLE_OBJC_ARC = YES;
				CLANG_WARN_BOOL_CONVERSION = YES;
				CLANG_WARN_CONSTANT_CONVERSION = YES;
				CLANG_WARN_DIRECT_OBJC_ISA_USAGE = YES_ERROR;
				CLANG_WARN_EMPTY_BODY = YES;
				CLANG_WARN_ENUM_CONVERSION = YES;
				CLANG_WARN_INT_CONVERSION = YES;
				CLANG_WARN_OBJC_ROOT_CLASS = YES_ERROR;
				CLANG_WARN__DUPLICATE_METHOD_MATCH = YES;
				CODE_SIGN_IDENTITY = "iPhone Developer: Shaoyong Yu (9NG4P5Q33C)";
				"CODE_SIGN_IDENTITY[sdk=iphoneos*]" = "iPhone Developer: Shaoyong Yu (9NG4P5Q33C)";
				COPY_PHASE_STRIP = YES;
				ENABLE_NS_ASSERTIONS = NO;
				GCC_C_LANGUAGE_STANDARD = gnu99;
				GCC_WARN_64_TO_32_BIT_CONVERSION = YES;
				GCC_WARN_ABOUT_RETURN_TYPE = YES_ERROR;
				GCC_WARN_UNDECLARED_SELECTOR = YES;
				GCC_WARN_UNINITIALIZED_AUTOS = YES_AGGRESSIVE;
				GCC_WARN_UNUSED_FUNCTION = YES;
				GCC_WARN_UNUSED_VARIABLE = YES;
				IPHONEOS_DEPLOYMENT_TARGET = 7.1;
				PROVISIONING_PROFILE = "3a52761e-8734-4c95-bd5a-d83edc60d35c";
				SDKROOT = iphoneos;
				VALIDATE_PRODUCT = YES;
				VALID_ARCHS = "armv7 armv7s";
			};
			name = Release;
		};
		3A10ED6119AA075600A3E05B /* Debug */ = {
			isa = XCBuildConfiguration;
			buildSettings = {
				ARCHS = "$(ARCHS_STANDARD)";
				ASSETCATALOG_COMPILER_APPICON_NAME = AppIcon;
				ASSETCATALOG_COMPILER_LAUNCHIMAGE_NAME = LaunchImage;
				CODE_SIGN_IDENTITY = "iPhone Developer: Shaoyong Yu (9NG4P5Q33C)";
				"CODE_SIGN_RESOURCE_RULES_PATH[sdk=iphoneos*]" = "";
				GCC_PRECOMPILE_PREFIX_HEADER = YES;
				GCC_PREFIX_HEADER = "vlogmb/vlogmb-Prefix.pch";
				INFOPLIST_FILE = "vlogmb/vlogmb-Info.plist";
				IPHONEOS_DEPLOYMENT_TARGET = 7.1;
				New_Setting = "";
				ONLY_ACTIVE_ARCH = NO;
				PRODUCT_NAME = "$(TARGET_NAME)";
				PROVISIONING_PROFILE = "3a52761e-8734-4c95-bd5a-d83edc60d35c";
				SDKROOT = iphoneos7.1;
				TARGETED_DEVICE_FAMILY = 1;
				VALID_ARCHS = "armv7 armv7s arm64";
				WRAPPER_EXTENSION = app;
			};
			name = Debug;
		};
		3A10ED6219AA075600A3E05B /* Release */ = {
			isa = XCBuildConfiguration;
			buildSettings = {
				ARCHS = "$(ARCHS_STANDARD)";
				ASSETCATALOG_COMPILER_APPICON_NAME = AppIcon;
				ASSETCATALOG_COMPILER_LAUNCHIMAGE_NAME = LaunchImage;
				CODE_SIGN_IDENTITY = "iPhone Developer: Shaoyong Yu (9NG4P5Q33C)";
				"CODE_SIGN_RESOURCE_RULES_PATH[sdk=iphoneos*]" = "";
				GCC_PRECOMPILE_PREFIX_HEADER = YES;
				GCC_PREFIX_HEADER = "vlogmb/vlogmb-Prefix.pch";
				INFOPLIST_FILE = "vlogmb/vlogmb-Info.plist";
				IPHONEOS_DEPLOYMENT_TARGET = 7.1;
				New_Setting = "";
				ONLY_ACTIVE_ARCH = NO;
				PRODUCT_NAME = "$(TARGET_NAME)";
				PROVISIONING_PROFILE = "3a52761e-8734-4c95-bd5a-d83edc60d35c";
				SDKROOT = iphoneos7.1;
				TARGETED_DEVICE_FAMILY = 1;
				VALID_ARCHS = "armv7 armv7s arm64";
				WRAPPER_EXTENSION = app;
			};
			name = Release;
		};
		3A10ED6419AA075600A3E05B /* Debug */ = {
			isa = XCBuildConfiguration;
			buildSettings = {
				BUNDLE_LOADER = "$(BUILT_PRODUCTS_DIR)/vlogmb.app/vlogmb";
				FRAMEWORK_SEARCH_PATHS = (
					"$(SDKROOT)/Developer/Library/Frameworks",
					"$(inherited)",
					"$(DEVELOPER_FRAMEWORKS_DIR)",
				);
				GCC_PRECOMPILE_PREFIX_HEADER = YES;
				GCC_PREFIX_HEADER = "vlogmb/vlogmb-Prefix.pch";
				GCC_PREPROCESSOR_DEFINITIONS = (
					"DEBUG=1",
					"$(inherited)",
				);
				INFOPLIST_FILE = "vlogmbTests/vlogmbTests-Info.plist";
				PRODUCT_NAME = "$(TARGET_NAME)";
				TEST_HOST = "$(BUNDLE_LOADER)";
				WRAPPER_EXTENSION = xctest;
			};
			name = Debug;
		};
		3A10ED6519AA075600A3E05B /* Release */ = {
			isa = XCBuildConfiguration;
			buildSettings = {
				BUNDLE_LOADER = "$(BUILT_PRODUCTS_DIR)/vlogmb.app/vlogmb";
				FRAMEWORK_SEARCH_PATHS = (
					"$(SDKROOT)/Developer/Library/Frameworks",
					"$(inherited)",
					"$(DEVELOPER_FRAMEWORKS_DIR)",
				);
				GCC_PRECOMPILE_PREFIX_HEADER = YES;
				GCC_PREFIX_HEADER = "vlogmb/vlogmb-Prefix.pch";
				INFOPLIST_FILE = "vlogmbTests/vlogmbTests-Info.plist";
				PRODUCT_NAME = "$(TARGET_NAME)";
				TEST_HOST = "$(BUNDLE_LOADER)";
				WRAPPER_EXTENSION = xctest;
			};
			name = Release;
		};
/* End XCBuildConfiguration section */

/* Begin XCConfigurationList section */
		3A10ED2F19AA075600A3E05B /* Build configuration list for PBXProject "vlogmb" */ = {
			isa = XCConfigurationList;
			buildConfigurations = (
				3A10ED5E19AA075600A3E05B /* Debug */,
				3A10ED5F19AA075600A3E05B /* Release */,
			);
			defaultConfigurationIsVisible = 0;
			defaultConfigurationName = Release;
		};
		3A10ED6019AA075600A3E05B /* Build configuration list for PBXNativeTarget "vlogmb" */ = {
			isa = XCConfigurationList;
			buildConfigurations = (
				3A10ED6119AA075600A3E05B /* Debug */,
				3A10ED6219AA075600A3E05B /* Release */,
			);
			defaultConfigurationIsVisible = 0;
			defaultConfigurationName = Release;
		};
		3A10ED6319AA075600A3E05B /* Build configuration list for PBXNativeTarget "vlogmbTests" */ = {
			isa = XCConfigurationList;
			buildConfigurations = (
				3A10ED6419AA075600A3E05B /* Debug */,
				3A10ED6519AA075600A3E05B /* Release */,
			);
			defaultConfigurationIsVisible = 0;
			defaultConfigurationName = Release;
		};
/* End XCConfigurationList section */
	};
	rootObject = 3A10ED2C19AA075600A3E05B /* Project object */;
}
